
Microsoft Visual Studio Solution File, Format Version 12.00
# Visual Studio 2012
Project("{FAE04EC0-301F-11D3-BF4B-00C04F79EFBC}") = "CircusContent", "CircusContent\CircusContent.contentproj", "{EA8F4785-6124-40FC-B71B-5C01915D77E4}"
EndProject
Project("{FAE04EC0-301F-11D3-BF4B-00C04F79EFBC}") = "WindowsCircus", "WindowsCircus\WindowsCircus.csproj", "{C0B4A404-D745-48F0-AA27-FAE0C953506C}"
EndProject
Project("{FAE04EC0-301F-11D3-BF4B-00C04F79EFBC}") = "WindowsPhoneCircus7", "WindowsPhone7Circus\WindowsPhoneCircus7.csproj", "{D7E79977-6056-42D3-B494-3E1D1AF8ECDB}"
EndProject
Project("{FAE04EC0-301F-11D3-BF4B-00C04F79EFBC}") = "WindowsRtCircus", "WindowsRtCircus\WindowsRtCircus.csproj", "{79E9D895-FB77-47C3-B874-CB8AAC62BF6C}"
EndProject
Project("{FAE04EC0-301F-11D3-BF4B-00C04F79EFBC}") = "MacCircus", "MacCircus\MacCircus.csproj", "{93A9626E-D155-4563-952E-AE495D5762BB}"
EndProject
Project("{FAE04EC0-301F-11D3-BF4B-00C04F79EFBC}") = "iOSCircus", "iOSCircus\iOSCircus.csproj", "{7AB6FB85-DD40-4162-8CFE-B761EFAC3DD1}"
EndProject
Project("{FAE04EC0-301F-11D3-BF4B-00C04F79EFBC}") = "iOSCircusContent", "iOSCircusContent\iOSCircusContent\iOSCircusContent.csproj", "{54B14604-0430-41DA-90FC-1F2E2846450B}"
EndProject
Project("{FAE04EC0-301F-11D3-BF4B-00C04F79EFBC}") = "iOSCircusContentContent", "iOSCircusContent\iOSCircusContentContent\iOSCircusContentContent.contentproj", "{65B0258F-ADD8-4AD5-82E4-117F4617DA86}"
EndProject
Global
	GlobalSection(SolutionConfigurationPlatforms) = preSolution
		Ad-Hoc|Any CPU = Ad-Hoc|Any CPU
		Ad-Hoc|ARM = Ad-Hoc|ARM
		Ad-Hoc|iPhone = Ad-Hoc|iPhone
		Ad-Hoc|iPhoneSimulator = Ad-Hoc|iPhoneSimulator
		Ad-Hoc|Mixed Platforms = Ad-Hoc|Mixed Platforms
		Ad-Hoc|Windows Phone = Ad-Hoc|Windows Phone
		Ad-Hoc|x64 = Ad-Hoc|x64
		Ad-Hoc|x86 = Ad-Hoc|x86
		Android|Any CPU = Android|Any CPU
		Android|ARM = Android|ARM
		Android|iPhone = Android|iPhone
		Android|iPhoneSimulator = Android|iPhoneSimulator
		Android|Mixed Platforms = Android|Mixed Platforms
		Android|Windows Phone = Android|Windows Phone
		Android|x64 = Android|x64
		Android|x86 = Android|x86
		AppStore|Any CPU = AppStore|Any CPU
		AppStore|ARM = AppStore|ARM
		AppStore|iPhone = AppStore|iPhone
		AppStore|iPhoneSimulator = AppStore|iPhoneSimulator
		AppStore|Mixed Platforms = AppStore|Mixed Platforms
		AppStore|Windows Phone = AppStore|Windows Phone
		AppStore|x64 = AppStore|x64
		AppStore|x86 = AppStore|x86
		Debug|Any CPU = Debug|Any CPU
		Debug|ARM = Debug|ARM
		Debug|iPhone = Debug|iPhone
		Debug|iPhoneSimulator = Debug|iPhoneSimulator
		Debug|Mixed Platforms = Debug|Mixed Platforms
		Debug|Windows Phone = Debug|Windows Phone
		Debug|x64 = Debug|x64
		Debug|x86 = Debug|x86
		iOS|Any CPU = iOS|Any CPU
		iOS|ARM = iOS|ARM
		iOS|iPhone = iOS|iPhone
		iOS|iPhoneSimulator = iOS|iPhoneSimulator
		iOS|Mixed Platforms = iOS|Mixed Platforms
		iOS|Windows Phone = iOS|Windows Phone
		iOS|x64 = iOS|x64
		iOS|x86 = iOS|x86
		Linux|Any CPU = Linux|Any CPU
		Linux|ARM = Linux|ARM
		Linux|iPhone = Linux|iPhone
		Linux|iPhoneSimulator = Linux|iPhoneSimulator
		Linux|Mixed Platforms = Linux|Mixed Platforms
		Linux|Windows Phone = Linux|Windows Phone
		Linux|x64 = Linux|x64
		Linux|x86 = Linux|x86
		OSX|Any CPU = OSX|Any CPU
		OSX|ARM = OSX|ARM
		OSX|iPhone = OSX|iPhone
		OSX|iPhoneSimulator = OSX|iPhoneSimulator
		OSX|Mixed Platforms = OSX|Mixed Platforms
		OSX|Windows Phone = OSX|Windows Phone
		OSX|x64 = OSX|x64
		OSX|x86 = OSX|x86
		PSM|Any CPU = PSM|Any CPU
		PSM|ARM = PSM|ARM
		PSM|iPhone = PSM|iPhone
		PSM|iPhoneSimulator = PSM|iPhoneSimulator
		PSM|Mixed Platforms = PSM|Mixed Platforms
		PSM|Windows Phone = PSM|Windows Phone
		PSM|x64 = PSM|x64
		PSM|x86 = PSM|x86
		Release|Any CPU = Release|Any CPU
		Release|ARM = Release|ARM
		Release|iPhone = Release|iPhone
		Release|iPhoneSimulator = Release|iPhoneSimulator
		Release|Mixed Platforms = Release|Mixed Platforms
		Release|Windows Phone = Release|Windows Phone
		Release|x64 = Release|x64
		Release|x86 = Release|x86
		Windows|Any CPU = Windows|Any CPU
		Windows|ARM = Windows|ARM
		Windows|iPhone = Windows|iPhone
		Windows|iPhoneSimulator = Windows|iPhoneSimulator
		Windows|Mixed Platforms = Windows|Mixed Platforms
		Windows|Windows Phone = Windows|Windows Phone
		Windows|x64 = Windows|x64
		Windows|x86 = Windows|x86
		Windows8|Any CPU = Windows8|Any CPU
		Windows8|ARM = Windows8|ARM
		Windows8|iPhone = Windows8|iPhone
		Windows8|iPhoneSimulator = Windows8|iPhoneSimulator
		Windows8|Mixed Platforms = Windows8|Mixed Platforms
		Windows8|Windows Phone = Windows8|Windows Phone
		Windows8|x64 = Windows8|x64
		Windows8|x86 = Windows8|x86
	EndGlobalSection
	GlobalSection(ProjectConfigurationPlatforms) = postSolution
		{EA8F4785-6124-40FC-B71B-5C01915D77E4}.Ad-Hoc|Any CPU.ActiveCfg = Debug|x86
		{EA8F4785-6124-40FC-B71B-5C01915D77E4}.Ad-Hoc|ARM.ActiveCfg = Debug|x86
		{EA8F4785-6124-40FC-B71B-5C01915D77E4}.Ad-Hoc|iPhone.ActiveCfg = Debug|x86
		{EA8F4785-6124-40FC-B71B-5C01915D77E4}.Ad-Hoc|iPhoneSimulator.ActiveCfg = Debug|x86
		{EA8F4785-6124-40FC-B71B-5C01915D77E4}.Ad-Hoc|Mixed Platforms.ActiveCfg = Debug|x86
		{EA8F4785-6124-40FC-B71B-5C01915D77E4}.Ad-Hoc|Windows Phone.ActiveCfg = Debug|x86
		{EA8F4785-6124-40FC-B71B-5C01915D77E4}.Ad-Hoc|x64.ActiveCfg = Debug|x86
		{EA8F4785-6124-40FC-B71B-5C01915D77E4}.Ad-Hoc|x86.ActiveCfg = Debug|x86
		{EA8F4785-6124-40FC-B71B-5C01915D77E4}.Android|Any CPU.ActiveCfg = Release|x86
		{EA8F4785-6124-40FC-B71B-5C01915D77E4}.Android|ARM.ActiveCfg = Release|x86
		{EA8F4785-6124-40FC-B71B-5C01915D77E4}.Android|iPhone.ActiveCfg = Release|x86
		{EA8F4785-6124-40FC-B71B-5C01915D77E4}.Android|iPhoneSimulator.ActiveCfg = Release|x86
		{EA8F4785-6124-40FC-B71B-5C01915D77E4}.Android|Mixed Platforms.ActiveCfg = Release|x86
		{EA8F4785-6124-40FC-B71B-5C01915D77E4}.Android|Windows Phone.ActiveCfg = Release|x86
		{EA8F4785-6124-40FC-B71B-5C01915D77E4}.Android|x64.ActiveCfg = Release|x86
		{EA8F4785-6124-40FC-B71B-5C01915D77E4}.Android|x86.ActiveCfg = Release|x86
		{EA8F4785-6124-40FC-B71B-5C01915D77E4}.AppStore|Any CPU.ActiveCfg = Release|x86
		{EA8F4785-6124-40FC-B71B-5C01915D77E4}.AppStore|ARM.ActiveCfg = Release|x86
		{EA8F4785-6124-40FC-B71B-5C01915D77E4}.AppStore|iPhone.ActiveCfg = Debug|x86
		{EA8F4785-6124-40FC-B71B-5C01915D77E4}.AppStore|iPhoneSimulator.ActiveCfg = Debug|x86
		{EA8F4785-6124-40FC-B71B-5C01915D77E4}.AppStore|Mixed Platforms.ActiveCfg = Release|x86
		{EA8F4785-6124-40FC-B71B-5C01915D77E4}.AppStore|Windows Phone.ActiveCfg = Release|x86
		{EA8F4785-6124-40FC-B71B-5C01915D77E4}.AppStore|x64.ActiveCfg = Release|x86
		{EA8F4785-6124-40FC-B71B-5C01915D77E4}.AppStore|x86.ActiveCfg = Release|x86
		{EA8F4785-6124-40FC-B71B-5C01915D77E4}.Debug|Any CPU.ActiveCfg = Debug|x86
		{EA8F4785-6124-40FC-B71B-5C01915D77E4}.Debug|ARM.ActiveCfg = Debug|x86
		{EA8F4785-6124-40FC-B71B-5C01915D77E4}.Debug|iPhone.ActiveCfg = Debug|x86
		{EA8F4785-6124-40FC-B71B-5C01915D77E4}.Debug|iPhoneSimulator.ActiveCfg = Debug|x86
		{EA8F4785-6124-40FC-B71B-5C01915D77E4}.Debug|Mixed Platforms.ActiveCfg = Debug|x86
		{EA8F4785-6124-40FC-B71B-5C01915D77E4}.Debug|Windows Phone.ActiveCfg = Debug|x86
		{EA8F4785-6124-40FC-B71B-5C01915D77E4}.Debug|x64.ActiveCfg = Debug|x86
		{EA8F4785-6124-40FC-B71B-5C01915D77E4}.Debug|x86.ActiveCfg = Debug|x86
		{EA8F4785-6124-40FC-B71B-5C01915D77E4}.iOS|Any CPU.ActiveCfg = Release|x86
		{EA8F4785-6124-40FC-B71B-5C01915D77E4}.iOS|ARM.ActiveCfg = Release|x86
		{EA8F4785-6124-40FC-B71B-5C01915D77E4}.iOS|iPhone.ActiveCfg = Release|x86
		{EA8F4785-6124-40FC-B71B-5C01915D77E4}.iOS|iPhoneSimulator.ActiveCfg = Release|x86
		{EA8F4785-6124-40FC-B71B-5C01915D77E4}.iOS|Mixed Platforms.ActiveCfg = Release|x86
		{EA8F4785-6124-40FC-B71B-5C01915D77E4}.iOS|Windows Phone.ActiveCfg = Release|x86
		{EA8F4785-6124-40FC-B71B-5C01915D77E4}.iOS|x64.ActiveCfg = Release|x86
		{EA8F4785-6124-40FC-B71B-5C01915D77E4}.iOS|x86.ActiveCfg = Release|x86
		{EA8F4785-6124-40FC-B71B-5C01915D77E4}.Linux|Any CPU.ActiveCfg = Release|x86
		{EA8F4785-6124-40FC-B71B-5C01915D77E4}.Linux|ARM.ActiveCfg = Release|x86
		{EA8F4785-6124-40FC-B71B-5C01915D77E4}.Linux|iPhone.ActiveCfg = Release|x86
		{EA8F4785-6124-40FC-B71B-5C01915D77E4}.Linux|iPhoneSimulator.ActiveCfg = Release|x86
		{EA8F4785-6124-40FC-B71B-5C01915D77E4}.Linux|Mixed Platforms.ActiveCfg = Release|x86
		{EA8F4785-6124-40FC-B71B-5C01915D77E4}.Linux|Windows Phone.ActiveCfg = Release|x86
		{EA8F4785-6124-40FC-B71B-5C01915D77E4}.Linux|x64.ActiveCfg = Release|x86
		{EA8F4785-6124-40FC-B71B-5C01915D77E4}.Linux|x86.ActiveCfg = Release|x86
		{EA8F4785-6124-40FC-B71B-5C01915D77E4}.OSX|Any CPU.ActiveCfg = Release|x86
		{EA8F4785-6124-40FC-B71B-5C01915D77E4}.OSX|ARM.ActiveCfg = Release|x86
		{EA8F4785-6124-40FC-B71B-5C01915D77E4}.OSX|iPhone.ActiveCfg = Release|x86
		{EA8F4785-6124-40FC-B71B-5C01915D77E4}.OSX|iPhoneSimulator.ActiveCfg = Release|x86
		{EA8F4785-6124-40FC-B71B-5C01915D77E4}.OSX|Mixed Platforms.ActiveCfg = Release|x86
		{EA8F4785-6124-40FC-B71B-5C01915D77E4}.OSX|Windows Phone.ActiveCfg = Release|x86
		{EA8F4785-6124-40FC-B71B-5C01915D77E4}.OSX|x64.ActiveCfg = Release|x86
		{EA8F4785-6124-40FC-B71B-5C01915D77E4}.OSX|x86.ActiveCfg = Release|x86
		{EA8F4785-6124-40FC-B71B-5C01915D77E4}.PSM|Any CPU.ActiveCfg = Release|x86
		{EA8F4785-6124-40FC-B71B-5C01915D77E4}.PSM|ARM.ActiveCfg = Release|x86
		{EA8F4785-6124-40FC-B71B-5C01915D77E4}.PSM|iPhone.ActiveCfg = Release|x86
		{EA8F4785-6124-40FC-B71B-5C01915D77E4}.PSM|iPhoneSimulator.ActiveCfg = Release|x86
		{EA8F4785-6124-40FC-B71B-5C01915D77E4}.PSM|Mixed Platforms.ActiveCfg = Release|x86
		{EA8F4785-6124-40FC-B71B-5C01915D77E4}.PSM|Windows Phone.ActiveCfg = Release|x86
		{EA8F4785-6124-40FC-B71B-5C01915D77E4}.PSM|x64.ActiveCfg = Release|x86
		{EA8F4785-6124-40FC-B71B-5C01915D77E4}.PSM|x86.ActiveCfg = Release|x86
		{EA8F4785-6124-40FC-B71B-5C01915D77E4}.Release|Any CPU.ActiveCfg = Release|x86
		{EA8F4785-6124-40FC-B71B-5C01915D77E4}.Release|ARM.ActiveCfg = Release|x86
		{EA8F4785-6124-40FC-B71B-5C01915D77E4}.Release|iPhone.ActiveCfg = Release|x86
		{EA8F4785-6124-40FC-B71B-5C01915D77E4}.Release|iPhoneSimulator.ActiveCfg = Release|x86
		{EA8F4785-6124-40FC-B71B-5C01915D77E4}.Release|Mixed Platforms.ActiveCfg = Release|x86
		{EA8F4785-6124-40FC-B71B-5C01915D77E4}.Release|Windows Phone.ActiveCfg = Release|x86
		{EA8F4785-6124-40FC-B71B-5C01915D77E4}.Release|x64.ActiveCfg = Release|x86
		{EA8F4785-6124-40FC-B71B-5C01915D77E4}.Release|x86.ActiveCfg = Release|x86
		{EA8F4785-6124-40FC-B71B-5C01915D77E4}.Windows|Any CPU.ActiveCfg = Release|x86
		{EA8F4785-6124-40FC-B71B-5C01915D77E4}.Windows|ARM.ActiveCfg = Release|x86
		{EA8F4785-6124-40FC-B71B-5C01915D77E4}.Windows|iPhone.ActiveCfg = Release|x86
		{EA8F4785-6124-40FC-B71B-5C01915D77E4}.Windows|iPhoneSimulator.ActiveCfg = Release|x86
		{EA8F4785-6124-40FC-B71B-5C01915D77E4}.Windows|Mixed Platforms.ActiveCfg = Release|x86
		{EA8F4785-6124-40FC-B71B-5C01915D77E4}.Windows|Windows Phone.ActiveCfg = Release|x86
		{EA8F4785-6124-40FC-B71B-5C01915D77E4}.Windows|x64.ActiveCfg = Release|x86
		{EA8F4785-6124-40FC-B71B-5C01915D77E4}.Windows|x86.ActiveCfg = Release|x86
		{EA8F4785-6124-40FC-B71B-5C01915D77E4}.Windows8|Any CPU.ActiveCfg = Release|x86
		{EA8F4785-6124-40FC-B71B-5C01915D77E4}.Windows8|ARM.ActiveCfg = Release|x86
		{EA8F4785-6124-40FC-B71B-5C01915D77E4}.Windows8|iPhone.ActiveCfg = Release|x86
		{EA8F4785-6124-40FC-B71B-5C01915D77E4}.Windows8|iPhoneSimulator.ActiveCfg = Release|x86
		{EA8F4785-6124-40FC-B71B-5C01915D77E4}.Windows8|Mixed Platforms.ActiveCfg = Release|x86
		{EA8F4785-6124-40FC-B71B-5C01915D77E4}.Windows8|Windows Phone.ActiveCfg = Release|x86
		{EA8F4785-6124-40FC-B71B-5C01915D77E4}.Windows8|x64.ActiveCfg = Release|x86
		{EA8F4785-6124-40FC-B71B-5C01915D77E4}.Windows8|x86.ActiveCfg = Release|x86
		{C0B4A404-D745-48F0-AA27-FAE0C953506C}.Ad-Hoc|Any CPU.ActiveCfg = Debug|x86
		{C0B4A404-D745-48F0-AA27-FAE0C953506C}.Ad-Hoc|ARM.ActiveCfg = Debug|x86
		{C0B4A404-D745-48F0-AA27-FAE0C953506C}.Ad-Hoc|iPhone.ActiveCfg = Debug|x86
		{C0B4A404-D745-48F0-AA27-FAE0C953506C}.Ad-Hoc|iPhoneSimulator.ActiveCfg = Debug|x86
		{C0B4A404-D745-48F0-AA27-FAE0C953506C}.Ad-Hoc|Mixed Platforms.ActiveCfg = Debug|x86
		{C0B4A404-D745-48F0-AA27-FAE0C953506C}.Ad-Hoc|Windows Phone.ActiveCfg = Debug|x86
		{C0B4A404-D745-48F0-AA27-FAE0C953506C}.Ad-Hoc|Windows Phone.Build.0 = Debug|x86
		{C0B4A404-D745-48F0-AA27-FAE0C953506C}.Ad-Hoc|x64.ActiveCfg = Debug|x86
		{C0B4A404-D745-48F0-AA27-FAE0C953506C}.Ad-Hoc|x86.ActiveCfg = Debug|x86
		{C0B4A404-D745-48F0-AA27-FAE0C953506C}.Android|Any CPU.ActiveCfg = Release|x86
		{C0B4A404-D745-48F0-AA27-FAE0C953506C}.Android|ARM.ActiveCfg = Release|x86
		{C0B4A404-D745-48F0-AA27-FAE0C953506C}.Android|iPhone.ActiveCfg = Release|x86
		{C0B4A404-D745-48F0-AA27-FAE0C953506C}.Android|iPhoneSimulator.ActiveCfg = Release|x86
		{C0B4A404-D745-48F0-AA27-FAE0C953506C}.Android|Mixed Platforms.ActiveCfg = Release|x86
		{C0B4A404-D745-48F0-AA27-FAE0C953506C}.Android|Mixed Platforms.Build.0 = Release|x86
		{C0B4A404-D745-48F0-AA27-FAE0C953506C}.Android|Windows Phone.ActiveCfg = Release|x86
		{C0B4A404-D745-48F0-AA27-FAE0C953506C}.Android|Windows Phone.Build.0 = Release|x86
		{C0B4A404-D745-48F0-AA27-FAE0C953506C}.Android|x64.ActiveCfg = Release|x86
		{C0B4A404-D745-48F0-AA27-FAE0C953506C}.Android|x86.ActiveCfg = Release|x86
		{C0B4A404-D745-48F0-AA27-FAE0C953506C}.Android|x86.Build.0 = Release|x86
		{C0B4A404-D745-48F0-AA27-FAE0C953506C}.AppStore|Any CPU.ActiveCfg = Release|x86
		{C0B4A404-D745-48F0-AA27-FAE0C953506C}.AppStore|ARM.ActiveCfg = Release|x86
		{C0B4A404-D745-48F0-AA27-FAE0C953506C}.AppStore|iPhone.ActiveCfg = Debug|x86
		{C0B4A404-D745-48F0-AA27-FAE0C953506C}.AppStore|iPhoneSimulator.ActiveCfg = Debug|x86
		{C0B4A404-D745-48F0-AA27-FAE0C953506C}.AppStore|Mixed Platforms.ActiveCfg = Release|x86
		{C0B4A404-D745-48F0-AA27-FAE0C953506C}.AppStore|Windows Phone.ActiveCfg = Release|x86
		{C0B4A404-D745-48F0-AA27-FAE0C953506C}.AppStore|Windows Phone.Build.0 = Release|x86
		{C0B4A404-D745-48F0-AA27-FAE0C953506C}.AppStore|x64.ActiveCfg = Release|x86
		{C0B4A404-D745-48F0-AA27-FAE0C953506C}.AppStore|x86.ActiveCfg = Release|x86
		{C0B4A404-D745-48F0-AA27-FAE0C953506C}.Debug|Any CPU.ActiveCfg = Debug|x86
		{C0B4A404-D745-48F0-AA27-FAE0C953506C}.Debug|ARM.ActiveCfg = Debug|x86
		{C0B4A404-D745-48F0-AA27-FAE0C953506C}.Debug|iPhone.ActiveCfg = Debug|x86
		{C0B4A404-D745-48F0-AA27-FAE0C953506C}.Debug|iPhoneSimulator.ActiveCfg = Debug|x86
		{C0B4A404-D745-48F0-AA27-FAE0C953506C}.Debug|Mixed Platforms.ActiveCfg = Debug|x86
		{C0B4A404-D745-48F0-AA27-FAE0C953506C}.Debug|Mixed Platforms.Build.0 = Debug|x86
		{C0B4A404-D745-48F0-AA27-FAE0C953506C}.Debug|Windows Phone.ActiveCfg = Debug|x86
		{C0B4A404-D745-48F0-AA27-FAE0C953506C}.Debug|Windows Phone.Build.0 = Debug|x86
		{C0B4A404-D745-48F0-AA27-FAE0C953506C}.Debug|x64.ActiveCfg = Debug|x86
		{C0B4A404-D745-48F0-AA27-FAE0C953506C}.Debug|x86.ActiveCfg = Debug|x86
		{C0B4A404-D745-48F0-AA27-FAE0C953506C}.Debug|x86.Build.0 = Debug|x86
		{C0B4A404-D745-48F0-AA27-FAE0C953506C}.iOS|Any CPU.ActiveCfg = Release|x86
		{C0B4A404-D745-48F0-AA27-FAE0C953506C}.iOS|ARM.ActiveCfg = Release|x86
		{C0B4A404-D745-48F0-AA27-FAE0C953506C}.iOS|iPhone.ActiveCfg = Release|x86
		{C0B4A404-D745-48F0-AA27-FAE0C953506C}.iOS|iPhoneSimulator.ActiveCfg = Release|x86
		{C0B4A404-D745-48F0-AA27-FAE0C953506C}.iOS|Mixed Platforms.ActiveCfg = Release|x86
		{C0B4A404-D745-48F0-AA27-FAE0C953506C}.iOS|Mixed Platforms.Build.0 = Release|x86
		{C0B4A404-D745-48F0-AA27-FAE0C953506C}.iOS|Windows Phone.ActiveCfg = Release|x86
		{C0B4A404-D745-48F0-AA27-FAE0C953506C}.iOS|Windows Phone.Build.0 = Release|x86
		{C0B4A404-D745-48F0-AA27-FAE0C953506C}.iOS|x64.ActiveCfg = Release|x86
		{C0B4A404-D745-48F0-AA27-FAE0C953506C}.iOS|x86.ActiveCfg = Release|x86
		{C0B4A404-D745-48F0-AA27-FAE0C953506C}.iOS|x86.Build.0 = Release|x86
		{C0B4A404-D745-48F0-AA27-FAE0C953506C}.Linux|Any CPU.ActiveCfg = Release|x86
		{C0B4A404-D745-48F0-AA27-FAE0C953506C}.Linux|ARM.ActiveCfg = Release|x86
		{C0B4A404-D745-48F0-AA27-FAE0C953506C}.Linux|iPhone.ActiveCfg = Release|x86
		{C0B4A404-D745-48F0-AA27-FAE0C953506C}.Linux|iPhoneSimulator.ActiveCfg = Release|x86
		{C0B4A404-D745-48F0-AA27-FAE0C953506C}.Linux|Mixed Platforms.ActiveCfg = Release|x86
		{C0B4A404-D745-48F0-AA27-FAE0C953506C}.Linux|Mixed Platforms.Build.0 = Release|x86
		{C0B4A404-D745-48F0-AA27-FAE0C953506C}.Linux|Windows Phone.ActiveCfg = Release|x86
		{C0B4A404-D745-48F0-AA27-FAE0C953506C}.Linux|Windows Phone.Build.0 = Release|x86
		{C0B4A404-D745-48F0-AA27-FAE0C953506C}.Linux|x64.ActiveCfg = Release|x86
		{C0B4A404-D745-48F0-AA27-FAE0C953506C}.Linux|x86.ActiveCfg = Release|x86
		{C0B4A404-D745-48F0-AA27-FAE0C953506C}.Linux|x86.Build.0 = Release|x86
		{C0B4A404-D745-48F0-AA27-FAE0C953506C}.OSX|Any CPU.ActiveCfg = Release|x86
		{C0B4A404-D745-48F0-AA27-FAE0C953506C}.OSX|ARM.ActiveCfg = Release|x86
		{C0B4A404-D745-48F0-AA27-FAE0C953506C}.OSX|iPhone.ActiveCfg = Release|x86
		{C0B4A404-D745-48F0-AA27-FAE0C953506C}.OSX|iPhoneSimulator.ActiveCfg = Release|x86
		{C0B4A404-D745-48F0-AA27-FAE0C953506C}.OSX|Mixed Platforms.ActiveCfg = Release|x86
		{C0B4A404-D745-48F0-AA27-FAE0C953506C}.OSX|Mixed Platforms.Build.0 = Release|x86
		{C0B4A404-D745-48F0-AA27-FAE0C953506C}.OSX|Windows Phone.ActiveCfg = Release|x86
		{C0B4A404-D745-48F0-AA27-FAE0C953506C}.OSX|Windows Phone.Build.0 = Release|x86
		{C0B4A404-D745-48F0-AA27-FAE0C953506C}.OSX|x64.ActiveCfg = Release|x86
		{C0B4A404-D745-48F0-AA27-FAE0C953506C}.OSX|x86.ActiveCfg = Release|x86
		{C0B4A404-D745-48F0-AA27-FAE0C953506C}.OSX|x86.Build.0 = Release|x86
		{C0B4A404-D745-48F0-AA27-FAE0C953506C}.PSM|Any CPU.ActiveCfg = Release|x86
		{C0B4A404-D745-48F0-AA27-FAE0C953506C}.PSM|ARM.ActiveCfg = Release|x86
		{C0B4A404-D745-48F0-AA27-FAE0C953506C}.PSM|iPhone.ActiveCfg = Release|x86
		{C0B4A404-D745-48F0-AA27-FAE0C953506C}.PSM|iPhoneSimulator.ActiveCfg = Release|x86
		{C0B4A404-D745-48F0-AA27-FAE0C953506C}.PSM|Mixed Platforms.ActiveCfg = Release|x86
		{C0B4A404-D745-48F0-AA27-FAE0C953506C}.PSM|Mixed Platforms.Build.0 = Release|x86
		{C0B4A404-D745-48F0-AA27-FAE0C953506C}.PSM|Windows Phone.ActiveCfg = Release|x86
		{C0B4A404-D745-48F0-AA27-FAE0C953506C}.PSM|Windows Phone.Build.0 = Release|x86
		{C0B4A404-D745-48F0-AA27-FAE0C953506C}.PSM|x64.ActiveCfg = Release|x86
		{C0B4A404-D745-48F0-AA27-FAE0C953506C}.PSM|x86.ActiveCfg = Release|x86
		{C0B4A404-D745-48F0-AA27-FAE0C953506C}.PSM|x86.Build.0 = Release|x86
		{C0B4A404-D745-48F0-AA27-FAE0C953506C}.Release|Any CPU.ActiveCfg = Release|x86
		{C0B4A404-D745-48F0-AA27-FAE0C953506C}.Release|ARM.ActiveCfg = Release|x86
		{C0B4A404-D745-48F0-AA27-FAE0C953506C}.Release|iPhone.ActiveCfg = Release|x86
		{C0B4A404-D745-48F0-AA27-FAE0C953506C}.Release|iPhoneSimulator.ActiveCfg = Release|x86
		{C0B4A404-D745-48F0-AA27-FAE0C953506C}.Release|Mixed Platforms.ActiveCfg = Release|x86
		{C0B4A404-D745-48F0-AA27-FAE0C953506C}.Release|Mixed Platforms.Build.0 = Release|x86
		{C0B4A404-D745-48F0-AA27-FAE0C953506C}.Release|Windows Phone.ActiveCfg = Release|x86
		{C0B4A404-D745-48F0-AA27-FAE0C953506C}.Release|Windows Phone.Build.0 = Release|x86
		{C0B4A404-D745-48F0-AA27-FAE0C953506C}.Release|x64.ActiveCfg = Release|x86
		{C0B4A404-D745-48F0-AA27-FAE0C953506C}.Release|x86.ActiveCfg = Release|x86
		{C0B4A404-D745-48F0-AA27-FAE0C953506C}.Release|x86.Build.0 = Release|x86
		{C0B4A404-D745-48F0-AA27-FAE0C953506C}.Windows|Any CPU.ActiveCfg = Release|x86
		{C0B4A404-D745-48F0-AA27-FAE0C953506C}.Windows|ARM.ActiveCfg = Release|x86
		{C0B4A404-D745-48F0-AA27-FAE0C953506C}.Windows|iPhone.ActiveCfg = Release|x86
		{C0B4A404-D745-48F0-AA27-FAE0C953506C}.Windows|iPhoneSimulator.ActiveCfg = Release|x86
		{C0B4A404-D745-48F0-AA27-FAE0C953506C}.Windows|Mixed Platforms.ActiveCfg = Release|x86
		{C0B4A404-D745-48F0-AA27-FAE0C953506C}.Windows|Mixed Platforms.Build.0 = Release|x86
		{C0B4A404-D745-48F0-AA27-FAE0C953506C}.Windows|Windows Phone.ActiveCfg = Release|x86
		{C0B4A404-D745-48F0-AA27-FAE0C953506C}.Windows|Windows Phone.Build.0 = Release|x86
		{C0B4A404-D745-48F0-AA27-FAE0C953506C}.Windows|x64.ActiveCfg = Release|x86
		{C0B4A404-D745-48F0-AA27-FAE0C953506C}.Windows|x86.ActiveCfg = Release|x86
		{C0B4A404-D745-48F0-AA27-FAE0C953506C}.Windows|x86.Build.0 = Release|x86
		{C0B4A404-D745-48F0-AA27-FAE0C953506C}.Windows8|Any CPU.ActiveCfg = Release|x86
		{C0B4A404-D745-48F0-AA27-FAE0C953506C}.Windows8|ARM.ActiveCfg = Release|x86
		{C0B4A404-D745-48F0-AA27-FAE0C953506C}.Windows8|iPhone.ActiveCfg = Release|x86
		{C0B4A404-D745-48F0-AA27-FAE0C953506C}.Windows8|iPhoneSimulator.ActiveCfg = Release|x86
		{C0B4A404-D745-48F0-AA27-FAE0C953506C}.Windows8|Mixed Platforms.ActiveCfg = Release|x86
		{C0B4A404-D745-48F0-AA27-FAE0C953506C}.Windows8|Mixed Platforms.Build.0 = Release|x86
		{C0B4A404-D745-48F0-AA27-FAE0C953506C}.Windows8|Windows Phone.ActiveCfg = Release|x86
		{C0B4A404-D745-48F0-AA27-FAE0C953506C}.Windows8|Windows Phone.Build.0 = Release|x86
		{C0B4A404-D745-48F0-AA27-FAE0C953506C}.Windows8|x64.ActiveCfg = Release|x86
		{C0B4A404-D745-48F0-AA27-FAE0C953506C}.Windows8|x86.ActiveCfg = Release|x86
		{C0B4A404-D745-48F0-AA27-FAE0C953506C}.Windows8|x86.Build.0 = Release|x86
		{D7E79977-6056-42D3-B494-3E1D1AF8ECDB}.Ad-Hoc|Any CPU.ActiveCfg = Debug|Windows Phone
		{D7E79977-6056-42D3-B494-3E1D1AF8ECDB}.Ad-Hoc|ARM.ActiveCfg = Debug|Windows Phone
		{D7E79977-6056-42D3-B494-3E1D1AF8ECDB}.Ad-Hoc|iPhone.ActiveCfg = Debug|Windows Phone
		{D7E79977-6056-42D3-B494-3E1D1AF8ECDB}.Ad-Hoc|iPhoneSimulator.ActiveCfg = Debug|Windows Phone
		{D7E79977-6056-42D3-B494-3E1D1AF8ECDB}.Ad-Hoc|Mixed Platforms.ActiveCfg = Debug|Windows Phone
		{D7E79977-6056-42D3-B494-3E1D1AF8ECDB}.Ad-Hoc|Windows Phone.ActiveCfg = Debug|Windows Phone
		{D7E79977-6056-42D3-B494-3E1D1AF8ECDB}.Ad-Hoc|x64.ActiveCfg = Debug|Windows Phone
		{D7E79977-6056-42D3-B494-3E1D1AF8ECDB}.Ad-Hoc|x86.ActiveCfg = Debug|Windows Phone
		{D7E79977-6056-42D3-B494-3E1D1AF8ECDB}.Android|Any CPU.ActiveCfg = Release|Windows Phone
		{D7E79977-6056-42D3-B494-3E1D1AF8ECDB}.Android|ARM.ActiveCfg = Release|Windows Phone
		{D7E79977-6056-42D3-B494-3E1D1AF8ECDB}.Android|iPhone.ActiveCfg = Release|Windows Phone
		{D7E79977-6056-42D3-B494-3E1D1AF8ECDB}.Android|iPhoneSimulator.ActiveCfg = Release|Windows Phone
		{D7E79977-6056-42D3-B494-3E1D1AF8ECDB}.Android|Mixed Platforms.ActiveCfg = Release|Windows Phone
		{D7E79977-6056-42D3-B494-3E1D1AF8ECDB}.Android|Mixed Platforms.Build.0 = Release|Windows Phone
		{D7E79977-6056-42D3-B494-3E1D1AF8ECDB}.Android|Mixed Platforms.Deploy.0 = Release|Windows Phone
		{D7E79977-6056-42D3-B494-3E1D1AF8ECDB}.Android|Windows Phone.ActiveCfg = Release|Windows Phone
		{D7E79977-6056-42D3-B494-3E1D1AF8ECDB}.Android|Windows Phone.Build.0 = Release|Windows Phone
		{D7E79977-6056-42D3-B494-3E1D1AF8ECDB}.Android|Windows Phone.Deploy.0 = Release|Windows Phone
		{D7E79977-6056-42D3-B494-3E1D1AF8ECDB}.Android|x64.ActiveCfg = Release|Windows Phone
		{D7E79977-6056-42D3-B494-3E1D1AF8ECDB}.Android|x86.ActiveCfg = Release|Windows Phone
		{D7E79977-6056-42D3-B494-3E1D1AF8ECDB}.AppStore|Any CPU.ActiveCfg = Release|Windows Phone
		{D7E79977-6056-42D3-B494-3E1D1AF8ECDB}.AppStore|ARM.ActiveCfg = Release|Windows Phone
		{D7E79977-6056-42D3-B494-3E1D1AF8ECDB}.AppStore|iPhone.ActiveCfg = Debug|Windows Phone
		{D7E79977-6056-42D3-B494-3E1D1AF8ECDB}.AppStore|iPhoneSimulator.ActiveCfg = Debug|Windows Phone
		{D7E79977-6056-42D3-B494-3E1D1AF8ECDB}.AppStore|Mixed Platforms.ActiveCfg = Release|Windows Phone
		{D7E79977-6056-42D3-B494-3E1D1AF8ECDB}.AppStore|Mixed Platforms.Build.0 = Release|Windows Phone
		{D7E79977-6056-42D3-B494-3E1D1AF8ECDB}.AppStore|Mixed Platforms.Deploy.0 = Release|Windows Phone
		{D7E79977-6056-42D3-B494-3E1D1AF8ECDB}.AppStore|Windows Phone.ActiveCfg = Release|Windows Phone
		{D7E79977-6056-42D3-B494-3E1D1AF8ECDB}.AppStore|Windows Phone.Build.0 = Release|Windows Phone
		{D7E79977-6056-42D3-B494-3E1D1AF8ECDB}.AppStore|Windows Phone.Deploy.0 = Release|Windows Phone
		{D7E79977-6056-42D3-B494-3E1D1AF8ECDB}.AppStore|x64.ActiveCfg = Release|Windows Phone
		{D7E79977-6056-42D3-B494-3E1D1AF8ECDB}.AppStore|x86.ActiveCfg = Release|Windows Phone
		{D7E79977-6056-42D3-B494-3E1D1AF8ECDB}.AppStore|x86.Build.0 = Release|Windows Phone
		{D7E79977-6056-42D3-B494-3E1D1AF8ECDB}.Debug|Any CPU.ActiveCfg = Debug|Windows Phone
		{D7E79977-6056-42D3-B494-3E1D1AF8ECDB}.Debug|ARM.ActiveCfg = Debug|Windows Phone
		{D7E79977-6056-42D3-B494-3E1D1AF8ECDB}.Debug|iPhone.ActiveCfg = Debug|Windows Phone
		{D7E79977-6056-42D3-B494-3E1D1AF8ECDB}.Debug|iPhoneSimulator.ActiveCfg = Debug|Windows Phone
		{D7E79977-6056-42D3-B494-3E1D1AF8ECDB}.Debug|Mixed Platforms.ActiveCfg = Debug|Windows Phone
		{D7E79977-6056-42D3-B494-3E1D1AF8ECDB}.Debug|Mixed Platforms.Build.0 = Debug|Windows Phone
		{D7E79977-6056-42D3-B494-3E1D1AF8ECDB}.Debug|Mixed Platforms.Deploy.0 = Debug|Windows Phone
		{D7E79977-6056-42D3-B494-3E1D1AF8ECDB}.Debug|Windows Phone.ActiveCfg = Debug|Windows Phone
		{D7E79977-6056-42D3-B494-3E1D1AF8ECDB}.Debug|Windows Phone.Build.0 = Debug|Windows Phone
		{D7E79977-6056-42D3-B494-3E1D1AF8ECDB}.Debug|Windows Phone.Deploy.0 = Debug|Windows Phone
		{D7E79977-6056-42D3-B494-3E1D1AF8ECDB}.Debug|x64.ActiveCfg = Debug|Windows Phone
		{D7E79977-6056-42D3-B494-3E1D1AF8ECDB}.Debug|x86.ActiveCfg = Debug|Windows Phone
		{D7E79977-6056-42D3-B494-3E1D1AF8ECDB}.Debug|x86.Build.0 = Debug|Windows Phone
		{D7E79977-6056-42D3-B494-3E1D1AF8ECDB}.iOS|Any CPU.ActiveCfg = Release|Windows Phone
		{D7E79977-6056-42D3-B494-3E1D1AF8ECDB}.iOS|ARM.ActiveCfg = Release|Windows Phone
		{D7E79977-6056-42D3-B494-3E1D1AF8ECDB}.iOS|iPhone.ActiveCfg = Release|Windows Phone
		{D7E79977-6056-42D3-B494-3E1D1AF8ECDB}.iOS|iPhoneSimulator.ActiveCfg = Release|Windows Phone
		{D7E79977-6056-42D3-B494-3E1D1AF8ECDB}.iOS|Mixed Platforms.ActiveCfg = Release|Windows Phone
		{D7E79977-6056-42D3-B494-3E1D1AF8ECDB}.iOS|Mixed Platforms.Build.0 = Release|Windows Phone
		{D7E79977-6056-42D3-B494-3E1D1AF8ECDB}.iOS|Mixed Platforms.Deploy.0 = Release|Windows Phone
		{D7E79977-6056-42D3-B494-3E1D1AF8ECDB}.iOS|Windows Phone.ActiveCfg = Release|Windows Phone
		{D7E79977-6056-42D3-B494-3E1D1AF8ECDB}.iOS|Windows Phone.Build.0 = Release|Windows Phone
		{D7E79977-6056-42D3-B494-3E1D1AF8ECDB}.iOS|Windows Phone.Deploy.0 = Release|Windows Phone
		{D7E79977-6056-42D3-B494-3E1D1AF8ECDB}.iOS|x64.ActiveCfg = Release|Windows Phone
		{D7E79977-6056-42D3-B494-3E1D1AF8ECDB}.iOS|x86.ActiveCfg = Release|Windows Phone
		{D7E79977-6056-42D3-B494-3E1D1AF8ECDB}.Linux|Any CPU.ActiveCfg = Release|Windows Phone
		{D7E79977-6056-42D3-B494-3E1D1AF8ECDB}.Linux|ARM.ActiveCfg = Release|Windows Phone
		{D7E79977-6056-42D3-B494-3E1D1AF8ECDB}.Linux|iPhone.ActiveCfg = Release|Windows Phone
		{D7E79977-6056-42D3-B494-3E1D1AF8ECDB}.Linux|iPhoneSimulator.ActiveCfg = Release|Windows Phone
		{D7E79977-6056-42D3-B494-3E1D1AF8ECDB}.Linux|Mixed Platforms.ActiveCfg = Release|Windows Phone
		{D7E79977-6056-42D3-B494-3E1D1AF8ECDB}.Linux|Mixed Platforms.Build.0 = Release|Windows Phone
		{D7E79977-6056-42D3-B494-3E1D1AF8ECDB}.Linux|Mixed Platforms.Deploy.0 = Release|Windows Phone
		{D7E79977-6056-42D3-B494-3E1D1AF8ECDB}.Linux|Windows Phone.ActiveCfg = Release|Windows Phone
		{D7E79977-6056-42D3-B494-3E1D1AF8ECDB}.Linux|Windows Phone.Build.0 = Release|Windows Phone
		{D7E79977-6056-42D3-B494-3E1D1AF8ECDB}.Linux|Windows Phone.Deploy.0 = Release|Windows Phone
		{D7E79977-6056-42D3-B494-3E1D1AF8ECDB}.Linux|x64.ActiveCfg = Release|Windows Phone
		{D7E79977-6056-42D3-B494-3E1D1AF8ECDB}.Linux|x86.ActiveCfg = Release|Windows Phone
		{D7E79977-6056-42D3-B494-3E1D1AF8ECDB}.OSX|Any CPU.ActiveCfg = Release|Windows Phone
		{D7E79977-6056-42D3-B494-3E1D1AF8ECDB}.OSX|ARM.ActiveCfg = Release|Windows Phone
		{D7E79977-6056-42D3-B494-3E1D1AF8ECDB}.OSX|iPhone.ActiveCfg = Release|Windows Phone
		{D7E79977-6056-42D3-B494-3E1D1AF8ECDB}.OSX|iPhoneSimulator.ActiveCfg = Release|Windows Phone
		{D7E79977-6056-42D3-B494-3E1D1AF8ECDB}.OSX|Mixed Platforms.ActiveCfg = Release|Windows Phone
		{D7E79977-6056-42D3-B494-3E1D1AF8ECDB}.OSX|Mixed Platforms.Build.0 = Release|Windows Phone
		{D7E79977-6056-42D3-B494-3E1D1AF8ECDB}.OSX|Mixed Platforms.Deploy.0 = Release|Windows Phone
		{D7E79977-6056-42D3-B494-3E1D1AF8ECDB}.OSX|Windows Phone.ActiveCfg = Release|Windows Phone
		{D7E79977-6056-42D3-B494-3E1D1AF8ECDB}.OSX|Windows Phone.Build.0 = Release|Windows Phone
		{D7E79977-6056-42D3-B494-3E1D1AF8ECDB}.OSX|Windows Phone.Deploy.0 = Release|Windows Phone
		{D7E79977-6056-42D3-B494-3E1D1AF8ECDB}.OSX|x64.ActiveCfg = Release|Windows Phone
		{D7E79977-6056-42D3-B494-3E1D1AF8ECDB}.OSX|x86.ActiveCfg = Release|Windows Phone
		{D7E79977-6056-42D3-B494-3E1D1AF8ECDB}.PSM|Any CPU.ActiveCfg = Release|Windows Phone
		{D7E79977-6056-42D3-B494-3E1D1AF8ECDB}.PSM|ARM.ActiveCfg = Release|Windows Phone
		{D7E79977-6056-42D3-B494-3E1D1AF8ECDB}.PSM|iPhone.ActiveCfg = Release|Windows Phone
		{D7E79977-6056-42D3-B494-3E1D1AF8ECDB}.PSM|iPhoneSimulator.ActiveCfg = Release|Windows Phone
		{D7E79977-6056-42D3-B494-3E1D1AF8ECDB}.PSM|Mixed Platforms.ActiveCfg = Release|Windows Phone
		{D7E79977-6056-42D3-B494-3E1D1AF8ECDB}.PSM|Mixed Platforms.Build.0 = Release|Windows Phone
		{D7E79977-6056-42D3-B494-3E1D1AF8ECDB}.PSM|Mixed Platforms.Deploy.0 = Release|Windows Phone
		{D7E79977-6056-42D3-B494-3E1D1AF8ECDB}.PSM|Windows Phone.ActiveCfg = Release|Windows Phone
		{D7E79977-6056-42D3-B494-3E1D1AF8ECDB}.PSM|Windows Phone.Build.0 = Release|Windows Phone
		{D7E79977-6056-42D3-B494-3E1D1AF8ECDB}.PSM|Windows Phone.Deploy.0 = Release|Windows Phone
		{D7E79977-6056-42D3-B494-3E1D1AF8ECDB}.PSM|x64.ActiveCfg = Release|Windows Phone
		{D7E79977-6056-42D3-B494-3E1D1AF8ECDB}.PSM|x86.ActiveCfg = Release|Windows Phone
		{D7E79977-6056-42D3-B494-3E1D1AF8ECDB}.Release|Any CPU.ActiveCfg = Release|Windows Phone
		{D7E79977-6056-42D3-B494-3E1D1AF8ECDB}.Release|ARM.ActiveCfg = Release|Windows Phone
		{D7E79977-6056-42D3-B494-3E1D1AF8ECDB}.Release|iPhone.ActiveCfg = Release|Windows Phone
		{D7E79977-6056-42D3-B494-3E1D1AF8ECDB}.Release|iPhoneSimulator.ActiveCfg = Release|Windows Phone
		{D7E79977-6056-42D3-B494-3E1D1AF8ECDB}.Release|Mixed Platforms.ActiveCfg = Release|Windows Phone
		{D7E79977-6056-42D3-B494-3E1D1AF8ECDB}.Release|Mixed Platforms.Build.0 = Release|Windows Phone
		{D7E79977-6056-42D3-B494-3E1D1AF8ECDB}.Release|Mixed Platforms.Deploy.0 = Release|Windows Phone
		{D7E79977-6056-42D3-B494-3E1D1AF8ECDB}.Release|Windows Phone.ActiveCfg = Release|Windows Phone
		{D7E79977-6056-42D3-B494-3E1D1AF8ECDB}.Release|Windows Phone.Build.0 = Release|Windows Phone
		{D7E79977-6056-42D3-B494-3E1D1AF8ECDB}.Release|Windows Phone.Deploy.0 = Release|Windows Phone
		{D7E79977-6056-42D3-B494-3E1D1AF8ECDB}.Release|x64.ActiveCfg = Release|Windows Phone
		{D7E79977-6056-42D3-B494-3E1D1AF8ECDB}.Release|x86.ActiveCfg = Release|Windows Phone
		{D7E79977-6056-42D3-B494-3E1D1AF8ECDB}.Release|x86.Build.0 = Release|Windows Phone
		{D7E79977-6056-42D3-B494-3E1D1AF8ECDB}.Windows|Any CPU.ActiveCfg = Release|Windows Phone
		{D7E79977-6056-42D3-B494-3E1D1AF8ECDB}.Windows|ARM.ActiveCfg = Release|Windows Phone
		{D7E79977-6056-42D3-B494-3E1D1AF8ECDB}.Windows|iPhone.ActiveCfg = Release|Windows Phone
		{D7E79977-6056-42D3-B494-3E1D1AF8ECDB}.Windows|iPhoneSimulator.ActiveCfg = Release|Windows Phone
		{D7E79977-6056-42D3-B494-3E1D1AF8ECDB}.Windows|Mixed Platforms.ActiveCfg = Release|Windows Phone
		{D7E79977-6056-42D3-B494-3E1D1AF8ECDB}.Windows|Mixed Platforms.Build.0 = Release|Windows Phone
		{D7E79977-6056-42D3-B494-3E1D1AF8ECDB}.Windows|Mixed Platforms.Deploy.0 = Release|Windows Phone
		{D7E79977-6056-42D3-B494-3E1D1AF8ECDB}.Windows|Windows Phone.ActiveCfg = Release|Windows Phone
		{D7E79977-6056-42D3-B494-3E1D1AF8ECDB}.Windows|Windows Phone.Build.0 = Release|Windows Phone
		{D7E79977-6056-42D3-B494-3E1D1AF8ECDB}.Windows|Windows Phone.Deploy.0 = Release|Windows Phone
		{D7E79977-6056-42D3-B494-3E1D1AF8ECDB}.Windows|x64.ActiveCfg = Release|Windows Phone
		{D7E79977-6056-42D3-B494-3E1D1AF8ECDB}.Windows|x86.ActiveCfg = Release|Windows Phone
		{D7E79977-6056-42D3-B494-3E1D1AF8ECDB}.Windows8|Any CPU.ActiveCfg = Release|Windows Phone
		{D7E79977-6056-42D3-B494-3E1D1AF8ECDB}.Windows8|ARM.ActiveCfg = Release|Windows Phone
		{D7E79977-6056-42D3-B494-3E1D1AF8ECDB}.Windows8|iPhone.ActiveCfg = Release|Windows Phone
		{D7E79977-6056-42D3-B494-3E1D1AF8ECDB}.Windows8|iPhoneSimulator.ActiveCfg = Release|Windows Phone
		{D7E79977-6056-42D3-B494-3E1D1AF8ECDB}.Windows8|Mixed Platforms.ActiveCfg = Release|Windows Phone
		{D7E79977-6056-42D3-B494-3E1D1AF8ECDB}.Windows8|Mixed Platforms.Build.0 = Release|Windows Phone
		{D7E79977-6056-42D3-B494-3E1D1AF8ECDB}.Windows8|Mixed Platforms.Deploy.0 = Release|Windows Phone
		{D7E79977-6056-42D3-B494-3E1D1AF8ECDB}.Windows8|Windows Phone.ActiveCfg = Release|Windows Phone
		{D7E79977-6056-42D3-B494-3E1D1AF8ECDB}.Windows8|Windows Phone.Build.0 = Release|Windows Phone
		{D7E79977-6056-42D3-B494-3E1D1AF8ECDB}.Windows8|Windows Phone.Deploy.0 = Release|Windows Phone
		{D7E79977-6056-42D3-B494-3E1D1AF8ECDB}.Windows8|x64.ActiveCfg = Release|Windows Phone
		{D7E79977-6056-42D3-B494-3E1D1AF8ECDB}.Windows8|x86.ActiveCfg = Release|Windows Phone
		{79E9D895-FB77-47C3-B874-CB8AAC62BF6C}.Ad-Hoc|Any CPU.ActiveCfg = Debug|Any CPU
		{79E9D895-FB77-47C3-B874-CB8AAC62BF6C}.Ad-Hoc|ARM.ActiveCfg = Debug|ARM
		{79E9D895-FB77-47C3-B874-CB8AAC62BF6C}.Ad-Hoc|iPhone.ActiveCfg = Debug|Any CPU
		{79E9D895-FB77-47C3-B874-CB8AAC62BF6C}.Ad-Hoc|iPhoneSimulator.ActiveCfg = Debug|Any CPU
		{79E9D895-FB77-47C3-B874-CB8AAC62BF6C}.Ad-Hoc|Mixed Platforms.ActiveCfg = Debug|x86
		{79E9D895-FB77-47C3-B874-CB8AAC62BF6C}.Ad-Hoc|Windows Phone.ActiveCfg = Debug|Any CPU
		{79E9D895-FB77-47C3-B874-CB8AAC62BF6C}.Ad-Hoc|x64.ActiveCfg = Debug|x64
		{79E9D895-FB77-47C3-B874-CB8AAC62BF6C}.Ad-Hoc|x86.ActiveCfg = Debug|x86
		{79E9D895-FB77-47C3-B874-CB8AAC62BF6C}.Android|Any CPU.ActiveCfg = Release|Any CPU
		{79E9D895-FB77-47C3-B874-CB8AAC62BF6C}.Android|Any CPU.Build.0 = Release|Any CPU
		{79E9D895-FB77-47C3-B874-CB8AAC62BF6C}.Android|Any CPU.Deploy.0 = Release|Any CPU
		{79E9D895-FB77-47C3-B874-CB8AAC62BF6C}.Android|ARM.ActiveCfg = Release|ARM
		{79E9D895-FB77-47C3-B874-CB8AAC62BF6C}.Android|ARM.Build.0 = Release|ARM
		{79E9D895-FB77-47C3-B874-CB8AAC62BF6C}.Android|ARM.Deploy.0 = Release|ARM
		{79E9D895-FB77-47C3-B874-CB8AAC62BF6C}.Android|iPhone.ActiveCfg = Release|Any CPU
		{79E9D895-FB77-47C3-B874-CB8AAC62BF6C}.Android|iPhoneSimulator.ActiveCfg = Release|Any CPU
		{79E9D895-FB77-47C3-B874-CB8AAC62BF6C}.Android|Mixed Platforms.ActiveCfg = Release|x86
		{79E9D895-FB77-47C3-B874-CB8AAC62BF6C}.Android|Mixed Platforms.Build.0 = Release|x86
		{79E9D895-FB77-47C3-B874-CB8AAC62BF6C}.Android|Mixed Platforms.Deploy.0 = Release|x86
		{79E9D895-FB77-47C3-B874-CB8AAC62BF6C}.Android|Windows Phone.ActiveCfg = Release|Any CPU
		{79E9D895-FB77-47C3-B874-CB8AAC62BF6C}.Android|x64.ActiveCfg = Release|x64
		{79E9D895-FB77-47C3-B874-CB8AAC62BF6C}.Android|x64.Build.0 = Release|x64
		{79E9D895-FB77-47C3-B874-CB8AAC62BF6C}.Android|x64.Deploy.0 = Release|x64
		{79E9D895-FB77-47C3-B874-CB8AAC62BF6C}.Android|x86.ActiveCfg = Release|x86
		{79E9D895-FB77-47C3-B874-CB8AAC62BF6C}.Android|x86.Build.0 = Release|x86
		{79E9D895-FB77-47C3-B874-CB8AAC62BF6C}.Android|x86.Deploy.0 = Release|x86
		{79E9D895-FB77-47C3-B874-CB8AAC62BF6C}.AppStore|Any CPU.ActiveCfg = Release|Any CPU
		{79E9D895-FB77-47C3-B874-CB8AAC62BF6C}.AppStore|Any CPU.Build.0 = Release|Any CPU
		{79E9D895-FB77-47C3-B874-CB8AAC62BF6C}.AppStore|Any CPU.Deploy.0 = Release|Any CPU
		{79E9D895-FB77-47C3-B874-CB8AAC62BF6C}.AppStore|ARM.ActiveCfg = Release|ARM
		{79E9D895-FB77-47C3-B874-CB8AAC62BF6C}.AppStore|ARM.Build.0 = Release|ARM
		{79E9D895-FB77-47C3-B874-CB8AAC62BF6C}.AppStore|ARM.Deploy.0 = Release|ARM
		{79E9D895-FB77-47C3-B874-CB8AAC62BF6C}.AppStore|iPhone.ActiveCfg = Debug|Any CPU
		{79E9D895-FB77-47C3-B874-CB8AAC62BF6C}.AppStore|iPhoneSimulator.ActiveCfg = Debug|Any CPU
		{79E9D895-FB77-47C3-B874-CB8AAC62BF6C}.AppStore|Mixed Platforms.ActiveCfg = Release|x86
		{79E9D895-FB77-47C3-B874-CB8AAC62BF6C}.AppStore|Mixed Platforms.Build.0 = Release|x86
		{79E9D895-FB77-47C3-B874-CB8AAC62BF6C}.AppStore|Mixed Platforms.Deploy.0 = Release|x86
		{79E9D895-FB77-47C3-B874-CB8AAC62BF6C}.AppStore|Windows Phone.ActiveCfg = Release|Any CPU
		{79E9D895-FB77-47C3-B874-CB8AAC62BF6C}.AppStore|x64.ActiveCfg = Release|x64
		{79E9D895-FB77-47C3-B874-CB8AAC62BF6C}.AppStore|x64.Build.0 = Release|x64
		{79E9D895-FB77-47C3-B874-CB8AAC62BF6C}.AppStore|x64.Deploy.0 = Release|x64
		{79E9D895-FB77-47C3-B874-CB8AAC62BF6C}.AppStore|x86.ActiveCfg = Release|x86
		{79E9D895-FB77-47C3-B874-CB8AAC62BF6C}.AppStore|x86.Build.0 = Release|x86
		{79E9D895-FB77-47C3-B874-CB8AAC62BF6C}.AppStore|x86.Deploy.0 = Release|x86
		{79E9D895-FB77-47C3-B874-CB8AAC62BF6C}.Debug|Any CPU.ActiveCfg = Debug|Any CPU
		{79E9D895-FB77-47C3-B874-CB8AAC62BF6C}.Debug|Any CPU.Build.0 = Debug|Any CPU
		{79E9D895-FB77-47C3-B874-CB8AAC62BF6C}.Debug|Any CPU.Deploy.0 = Debug|Any CPU
		{79E9D895-FB77-47C3-B874-CB8AAC62BF6C}.Debug|ARM.ActiveCfg = Debug|ARM
		{79E9D895-FB77-47C3-B874-CB8AAC62BF6C}.Debug|ARM.Build.0 = Debug|ARM
		{79E9D895-FB77-47C3-B874-CB8AAC62BF6C}.Debug|ARM.Deploy.0 = Debug|ARM
		{79E9D895-FB77-47C3-B874-CB8AAC62BF6C}.Debug|iPhone.ActiveCfg = Debug|Any CPU
		{79E9D895-FB77-47C3-B874-CB8AAC62BF6C}.Debug|iPhoneSimulator.ActiveCfg = Debug|Any CPU
		{79E9D895-FB77-47C3-B874-CB8AAC62BF6C}.Debug|Mixed Platforms.ActiveCfg = Debug|Any CPU
		{79E9D895-FB77-47C3-B874-CB8AAC62BF6C}.Debug|Mixed Platforms.Build.0 = Debug|Any CPU
		{79E9D895-FB77-47C3-B874-CB8AAC62BF6C}.Debug|Mixed Platforms.Deploy.0 = Debug|Any CPU
		{79E9D895-FB77-47C3-B874-CB8AAC62BF6C}.Debug|Windows Phone.ActiveCfg = Debug|Any CPU
		{79E9D895-FB77-47C3-B874-CB8AAC62BF6C}.Debug|x64.ActiveCfg = Debug|x64
		{79E9D895-FB77-47C3-B874-CB8AAC62BF6C}.Debug|x64.Build.0 = Debug|x64
		{79E9D895-FB77-47C3-B874-CB8AAC62BF6C}.Debug|x64.Deploy.0 = Debug|x64
		{79E9D895-FB77-47C3-B874-CB8AAC62BF6C}.Debug|x86.ActiveCfg = Debug|x86
		{79E9D895-FB77-47C3-B874-CB8AAC62BF6C}.Debug|x86.Build.0 = Debug|x86
		{79E9D895-FB77-47C3-B874-CB8AAC62BF6C}.Debug|x86.Deploy.0 = Debug|x86
		{79E9D895-FB77-47C3-B874-CB8AAC62BF6C}.iOS|Any CPU.ActiveCfg = Release|Any CPU
		{79E9D895-FB77-47C3-B874-CB8AAC62BF6C}.iOS|Any CPU.Build.0 = Release|Any CPU
		{79E9D895-FB77-47C3-B874-CB8AAC62BF6C}.iOS|Any CPU.Deploy.0 = Release|Any CPU
		{79E9D895-FB77-47C3-B874-CB8AAC62BF6C}.iOS|ARM.ActiveCfg = Release|ARM
		{79E9D895-FB77-47C3-B874-CB8AAC62BF6C}.iOS|ARM.Build.0 = Release|ARM
		{79E9D895-FB77-47C3-B874-CB8AAC62BF6C}.iOS|ARM.Deploy.0 = Release|ARM
		{79E9D895-FB77-47C3-B874-CB8AAC62BF6C}.iOS|iPhone.ActiveCfg = Release|Any CPU
		{79E9D895-FB77-47C3-B874-CB8AAC62BF6C}.iOS|iPhoneSimulator.ActiveCfg = Release|Any CPU
		{79E9D895-FB77-47C3-B874-CB8AAC62BF6C}.iOS|Mixed Platforms.ActiveCfg = Release|x86
		{79E9D895-FB77-47C3-B874-CB8AAC62BF6C}.iOS|Mixed Platforms.Build.0 = Release|x86
		{79E9D895-FB77-47C3-B874-CB8AAC62BF6C}.iOS|Mixed Platforms.Deploy.0 = Release|x86
		{79E9D895-FB77-47C3-B874-CB8AAC62BF6C}.iOS|Windows Phone.ActiveCfg = Release|Any CPU
		{79E9D895-FB77-47C3-B874-CB8AAC62BF6C}.iOS|x64.ActiveCfg = Release|x64
		{79E9D895-FB77-47C3-B874-CB8AAC62BF6C}.iOS|x64.Build.0 = Release|x64
		{79E9D895-FB77-47C3-B874-CB8AAC62BF6C}.iOS|x64.Deploy.0 = Release|x64
		{79E9D895-FB77-47C3-B874-CB8AAC62BF6C}.iOS|x86.ActiveCfg = Release|x86
		{79E9D895-FB77-47C3-B874-CB8AAC62BF6C}.iOS|x86.Build.0 = Release|x86
		{79E9D895-FB77-47C3-B874-CB8AAC62BF6C}.iOS|x86.Deploy.0 = Release|x86
		{79E9D895-FB77-47C3-B874-CB8AAC62BF6C}.Linux|Any CPU.ActiveCfg = Release|Any CPU
		{79E9D895-FB77-47C3-B874-CB8AAC62BF6C}.Linux|Any CPU.Build.0 = Release|Any CPU
		{79E9D895-FB77-47C3-B874-CB8AAC62BF6C}.Linux|Any CPU.Deploy.0 = Release|Any CPU
		{79E9D895-FB77-47C3-B874-CB8AAC62BF6C}.Linux|ARM.ActiveCfg = Release|ARM
		{79E9D895-FB77-47C3-B874-CB8AAC62BF6C}.Linux|ARM.Build.0 = Release|ARM
		{79E9D895-FB77-47C3-B874-CB8AAC62BF6C}.Linux|ARM.Deploy.0 = Release|ARM
		{79E9D895-FB77-47C3-B874-CB8AAC62BF6C}.Linux|iPhone.ActiveCfg = Release|Any CPU
		{79E9D895-FB77-47C3-B874-CB8AAC62BF6C}.Linux|iPhoneSimulator.ActiveCfg = Release|Any CPU
		{79E9D895-FB77-47C3-B874-CB8AAC62BF6C}.Linux|Mixed Platforms.ActiveCfg = Release|x86
		{79E9D895-FB77-47C3-B874-CB8AAC62BF6C}.Linux|Mixed Platforms.Build.0 = Release|x86
		{79E9D895-FB77-47C3-B874-CB8AAC62BF6C}.Linux|Mixed Platforms.Deploy.0 = Release|x86
		{79E9D895-FB77-47C3-B874-CB8AAC62BF6C}.Linux|Windows Phone.ActiveCfg = Release|Any CPU
		{79E9D895-FB77-47C3-B874-CB8AAC62BF6C}.Linux|x64.ActiveCfg = Release|x64
		{79E9D895-FB77-47C3-B874-CB8AAC62BF6C}.Linux|x64.Build.0 = Release|x64
		{79E9D895-FB77-47C3-B874-CB8AAC62BF6C}.Linux|x64.Deploy.0 = Release|x64
		{79E9D895-FB77-47C3-B874-CB8AAC62BF6C}.Linux|x86.ActiveCfg = Release|x86
		{79E9D895-FB77-47C3-B874-CB8AAC62BF6C}.Linux|x86.Build.0 = Release|x86
		{79E9D895-FB77-47C3-B874-CB8AAC62BF6C}.Linux|x86.Deploy.0 = Release|x86
		{79E9D895-FB77-47C3-B874-CB8AAC62BF6C}.OSX|Any CPU.ActiveCfg = Release|Any CPU
		{79E9D895-FB77-47C3-B874-CB8AAC62BF6C}.OSX|Any CPU.Build.0 = Release|Any CPU
		{79E9D895-FB77-47C3-B874-CB8AAC62BF6C}.OSX|Any CPU.Deploy.0 = Release|Any CPU
		{79E9D895-FB77-47C3-B874-CB8AAC62BF6C}.OSX|ARM.ActiveCfg = Release|ARM
		{79E9D895-FB77-47C3-B874-CB8AAC62BF6C}.OSX|ARM.Build.0 = Release|ARM
		{79E9D895-FB77-47C3-B874-CB8AAC62BF6C}.OSX|ARM.Deploy.0 = Release|ARM
		{79E9D895-FB77-47C3-B874-CB8AAC62BF6C}.OSX|iPhone.ActiveCfg = Release|Any CPU
		{79E9D895-FB77-47C3-B874-CB8AAC62BF6C}.OSX|iPhoneSimulator.ActiveCfg = Release|Any CPU
		{79E9D895-FB77-47C3-B874-CB8AAC62BF6C}.OSX|Mixed Platforms.ActiveCfg = Release|x86
		{79E9D895-FB77-47C3-B874-CB8AAC62BF6C}.OSX|Mixed Platforms.Build.0 = Release|x86
		{79E9D895-FB77-47C3-B874-CB8AAC62BF6C}.OSX|Mixed Platforms.Deploy.0 = Release|x86
		{79E9D895-FB77-47C3-B874-CB8AAC62BF6C}.OSX|Windows Phone.ActiveCfg = Release|Any CPU
		{79E9D895-FB77-47C3-B874-CB8AAC62BF6C}.OSX|x64.ActiveCfg = Release|x64
		{79E9D895-FB77-47C3-B874-CB8AAC62BF6C}.OSX|x64.Build.0 = Release|x64
		{79E9D895-FB77-47C3-B874-CB8AAC62BF6C}.OSX|x64.Deploy.0 = Release|x64
		{79E9D895-FB77-47C3-B874-CB8AAC62BF6C}.OSX|x86.ActiveCfg = Release|x86
		{79E9D895-FB77-47C3-B874-CB8AAC62BF6C}.OSX|x86.Build.0 = Release|x86
		{79E9D895-FB77-47C3-B874-CB8AAC62BF6C}.OSX|x86.Deploy.0 = Release|x86
		{79E9D895-FB77-47C3-B874-CB8AAC62BF6C}.PSM|Any CPU.ActiveCfg = Release|Any CPU
		{79E9D895-FB77-47C3-B874-CB8AAC62BF6C}.PSM|Any CPU.Build.0 = Release|Any CPU
		{79E9D895-FB77-47C3-B874-CB8AAC62BF6C}.PSM|Any CPU.Deploy.0 = Release|Any CPU
		{79E9D895-FB77-47C3-B874-CB8AAC62BF6C}.PSM|ARM.ActiveCfg = Release|ARM
		{79E9D895-FB77-47C3-B874-CB8AAC62BF6C}.PSM|ARM.Build.0 = Release|ARM
		{79E9D895-FB77-47C3-B874-CB8AAC62BF6C}.PSM|ARM.Deploy.0 = Release|ARM
		{79E9D895-FB77-47C3-B874-CB8AAC62BF6C}.PSM|iPhone.ActiveCfg = Release|Any CPU
		{79E9D895-FB77-47C3-B874-CB8AAC62BF6C}.PSM|iPhoneSimulator.ActiveCfg = Release|Any CPU
		{79E9D895-FB77-47C3-B874-CB8AAC62BF6C}.PSM|Mixed Platforms.ActiveCfg = Release|x86
		{79E9D895-FB77-47C3-B874-CB8AAC62BF6C}.PSM|Mixed Platforms.Build.0 = Release|x86
		{79E9D895-FB77-47C3-B874-CB8AAC62BF6C}.PSM|Mixed Platforms.Deploy.0 = Release|x86
		{79E9D895-FB77-47C3-B874-CB8AAC62BF6C}.PSM|Windows Phone.ActiveCfg = Release|Any CPU
		{79E9D895-FB77-47C3-B874-CB8AAC62BF6C}.PSM|x64.ActiveCfg = Release|x64
		{79E9D895-FB77-47C3-B874-CB8AAC62BF6C}.PSM|x64.Build.0 = Release|x64
		{79E9D895-FB77-47C3-B874-CB8AAC62BF6C}.PSM|x64.Deploy.0 = Release|x64
		{79E9D895-FB77-47C3-B874-CB8AAC62BF6C}.PSM|x86.ActiveCfg = Release|x86
		{79E9D895-FB77-47C3-B874-CB8AAC62BF6C}.PSM|x86.Build.0 = Release|x86
		{79E9D895-FB77-47C3-B874-CB8AAC62BF6C}.PSM|x86.Deploy.0 = Release|x86
		{79E9D895-FB77-47C3-B874-CB8AAC62BF6C}.Release|Any CPU.ActiveCfg = Release|Any CPU
		{79E9D895-FB77-47C3-B874-CB8AAC62BF6C}.Release|Any CPU.Build.0 = Release|Any CPU
		{79E9D895-FB77-47C3-B874-CB8AAC62BF6C}.Release|Any CPU.Deploy.0 = Release|Any CPU
		{79E9D895-FB77-47C3-B874-CB8AAC62BF6C}.Release|ARM.ActiveCfg = Release|ARM
		{79E9D895-FB77-47C3-B874-CB8AAC62BF6C}.Release|ARM.Build.0 = Release|ARM
		{79E9D895-FB77-47C3-B874-CB8AAC62BF6C}.Release|ARM.Deploy.0 = Release|ARM
		{79E9D895-FB77-47C3-B874-CB8AAC62BF6C}.Release|iPhone.ActiveCfg = Release|Any CPU
		{79E9D895-FB77-47C3-B874-CB8AAC62BF6C}.Release|iPhoneSimulator.ActiveCfg = Release|Any CPU
		{79E9D895-FB77-47C3-B874-CB8AAC62BF6C}.Release|Mixed Platforms.ActiveCfg = Release|Any CPU
		{79E9D895-FB77-47C3-B874-CB8AAC62BF6C}.Release|Mixed Platforms.Build.0 = Release|Any CPU
		{79E9D895-FB77-47C3-B874-CB8AAC62BF6C}.Release|Mixed Platforms.Deploy.0 = Release|Any CPU
		{79E9D895-FB77-47C3-B874-CB8AAC62BF6C}.Release|Windows Phone.ActiveCfg = Release|Any CPU
		{79E9D895-FB77-47C3-B874-CB8AAC62BF6C}.Release|x64.ActiveCfg = Release|x64
		{79E9D895-FB77-47C3-B874-CB8AAC62BF6C}.Release|x64.Build.0 = Release|x64
		{79E9D895-FB77-47C3-B874-CB8AAC62BF6C}.Release|x64.Deploy.0 = Release|x64
		{79E9D895-FB77-47C3-B874-CB8AAC62BF6C}.Release|x86.ActiveCfg = Release|x86
		{79E9D895-FB77-47C3-B874-CB8AAC62BF6C}.Release|x86.Build.0 = Release|x86
		{79E9D895-FB77-47C3-B874-CB8AAC62BF6C}.Release|x86.Deploy.0 = Release|x86
		{79E9D895-FB77-47C3-B874-CB8AAC62BF6C}.Windows|Any CPU.ActiveCfg = Release|Any CPU
		{79E9D895-FB77-47C3-B874-CB8AAC62BF6C}.Windows|Any CPU.Build.0 = Release|Any CPU
		{79E9D895-FB77-47C3-B874-CB8AAC62BF6C}.Windows|Any CPU.Deploy.0 = Release|Any CPU
		{79E9D895-FB77-47C3-B874-CB8AAC62BF6C}.Windows|ARM.ActiveCfg = Release|ARM
		{79E9D895-FB77-47C3-B874-CB8AAC62BF6C}.Windows|ARM.Build.0 = Release|ARM
		{79E9D895-FB77-47C3-B874-CB8AAC62BF6C}.Windows|ARM.Deploy.0 = Release|ARM
		{79E9D895-FB77-47C3-B874-CB8AAC62BF6C}.Windows|iPhone.ActiveCfg = Release|Any CPU
		{79E9D895-FB77-47C3-B874-CB8AAC62BF6C}.Windows|iPhoneSimulator.ActiveCfg = Release|Any CPU
		{79E9D895-FB77-47C3-B874-CB8AAC62BF6C}.Windows|Mixed Platforms.ActiveCfg = Release|x86
		{79E9D895-FB77-47C3-B874-CB8AAC62BF6C}.Windows|Mixed Platforms.Build.0 = Release|x86
		{79E9D895-FB77-47C3-B874-CB8AAC62BF6C}.Windows|Mixed Platforms.Deploy.0 = Release|x86
		{79E9D895-FB77-47C3-B874-CB8AAC62BF6C}.Windows|Windows Phone.ActiveCfg = Release|Any CPU
		{79E9D895-FB77-47C3-B874-CB8AAC62BF6C}.Windows|x64.ActiveCfg = Release|x64
		{79E9D895-FB77-47C3-B874-CB8AAC62BF6C}.Windows|x64.Build.0 = Release|x64
		{79E9D895-FB77-47C3-B874-CB8AAC62BF6C}.Windows|x64.Deploy.0 = Release|x64
		{79E9D895-FB77-47C3-B874-CB8AAC62BF6C}.Windows|x86.ActiveCfg = Release|x86
		{79E9D895-FB77-47C3-B874-CB8AAC62BF6C}.Windows|x86.Build.0 = Release|x86
		{79E9D895-FB77-47C3-B874-CB8AAC62BF6C}.Windows|x86.Deploy.0 = Release|x86
		{79E9D895-FB77-47C3-B874-CB8AAC62BF6C}.Windows8|Any CPU.ActiveCfg = Release|Any CPU
		{79E9D895-FB77-47C3-B874-CB8AAC62BF6C}.Windows8|Any CPU.Build.0 = Release|Any CPU
		{79E9D895-FB77-47C3-B874-CB8AAC62BF6C}.Windows8|Any CPU.Deploy.0 = Release|Any CPU
		{79E9D895-FB77-47C3-B874-CB8AAC62BF6C}.Windows8|ARM.ActiveCfg = Release|ARM
		{79E9D895-FB77-47C3-B874-CB8AAC62BF6C}.Windows8|ARM.Build.0 = Release|ARM
		{79E9D895-FB77-47C3-B874-CB8AAC62BF6C}.Windows8|ARM.Deploy.0 = Release|ARM
		{79E9D895-FB77-47C3-B874-CB8AAC62BF6C}.Windows8|iPhone.ActiveCfg = Release|Any CPU
		{79E9D895-FB77-47C3-B874-CB8AAC62BF6C}.Windows8|iPhoneSimulator.ActiveCfg = Release|Any CPU
		{79E9D895-FB77-47C3-B874-CB8AAC62BF6C}.Windows8|Mixed Platforms.ActiveCfg = Release|x86
		{79E9D895-FB77-47C3-B874-CB8AAC62BF6C}.Windows8|Mixed Platforms.Build.0 = Release|x86
		{79E9D895-FB77-47C3-B874-CB8AAC62BF6C}.Windows8|Mixed Platforms.Deploy.0 = Release|x86
		{79E9D895-FB77-47C3-B874-CB8AAC62BF6C}.Windows8|Windows Phone.ActiveCfg = Release|Any CPU
		{79E9D895-FB77-47C3-B874-CB8AAC62BF6C}.Windows8|x64.ActiveCfg = Release|x64
		{79E9D895-FB77-47C3-B874-CB8AAC62BF6C}.Windows8|x64.Build.0 = Release|x64
		{79E9D895-FB77-47C3-B874-CB8AAC62BF6C}.Windows8|x64.Deploy.0 = Release|x64
		{79E9D895-FB77-47C3-B874-CB8AAC62BF6C}.Windows8|x86.ActiveCfg = Release|x86
		{79E9D895-FB77-47C3-B874-CB8AAC62BF6C}.Windows8|x86.Build.0 = Release|x86
		{79E9D895-FB77-47C3-B874-CB8AAC62BF6C}.Windows8|x86.Deploy.0 = Release|x86
		{93A9626E-D155-4563-952E-AE495D5762BB}.Ad-Hoc|Any CPU.ActiveCfg = AppStore|Any CPU
		{93A9626E-D155-4563-952E-AE495D5762BB}.Ad-Hoc|ARM.ActiveCfg = AppStore|Any CPU
		{93A9626E-D155-4563-952E-AE495D5762BB}.Ad-Hoc|iPhone.ActiveCfg = Debug|Any CPU
		{93A9626E-D155-4563-952E-AE495D5762BB}.Ad-Hoc|iPhone.Build.0 = Debug|Any CPU
		{93A9626E-D155-4563-952E-AE495D5762BB}.Ad-Hoc|iPhoneSimulator.ActiveCfg = AppStore|Any CPU
		{93A9626E-D155-4563-952E-AE495D5762BB}.Ad-Hoc|Mixed Platforms.ActiveCfg = AppStore|Any CPU
		{93A9626E-D155-4563-952E-AE495D5762BB}.Ad-Hoc|Windows Phone.ActiveCfg = AppStore|Any CPU
		{93A9626E-D155-4563-952E-AE495D5762BB}.Ad-Hoc|x64.ActiveCfg = AppStore|Any CPU
		{93A9626E-D155-4563-952E-AE495D5762BB}.Ad-Hoc|x86.ActiveCfg = AppStore|Any CPU
		{93A9626E-D155-4563-952E-AE495D5762BB}.Android|Any CPU.ActiveCfg = AppStore|Any CPU
		{93A9626E-D155-4563-952E-AE495D5762BB}.Android|ARM.ActiveCfg = AppStore|Any CPU
		{93A9626E-D155-4563-952E-AE495D5762BB}.Android|iPhone.ActiveCfg = AppStore|Any CPU
		{93A9626E-D155-4563-952E-AE495D5762BB}.Android|iPhoneSimulator.ActiveCfg = AppStore|Any CPU
		{93A9626E-D155-4563-952E-AE495D5762BB}.Android|Mixed Platforms.ActiveCfg = AppStore|Any CPU
		{93A9626E-D155-4563-952E-AE495D5762BB}.Android|Windows Phone.ActiveCfg = AppStore|Any CPU
		{93A9626E-D155-4563-952E-AE495D5762BB}.Android|x64.ActiveCfg = AppStore|Any CPU
		{93A9626E-D155-4563-952E-AE495D5762BB}.Android|x86.ActiveCfg = AppStore|Any CPU
		{93A9626E-D155-4563-952E-AE495D5762BB}.AppStore|Any CPU.ActiveCfg = AppStore|Any CPU
		{93A9626E-D155-4563-952E-AE495D5762BB}.AppStore|Any CPU.Build.0 = AppStore|Any CPU
		{93A9626E-D155-4563-952E-AE495D5762BB}.AppStore|ARM.ActiveCfg = AppStore|Any CPU
		{93A9626E-D155-4563-952E-AE495D5762BB}.AppStore|iPhone.ActiveCfg = AppStore|Any CPU
		{93A9626E-D155-4563-952E-AE495D5762BB}.AppStore|iPhone.Build.0 = AppStore|Any CPU
		{93A9626E-D155-4563-952E-AE495D5762BB}.AppStore|iPhoneSimulator.ActiveCfg = AppStore|Any CPU
		{93A9626E-D155-4563-952E-AE495D5762BB}.AppStore|Mixed Platforms.ActiveCfg = AppStore|Any CPU
		{93A9626E-D155-4563-952E-AE495D5762BB}.AppStore|Windows Phone.ActiveCfg = AppStore|Any CPU
		{93A9626E-D155-4563-952E-AE495D5762BB}.AppStore|x64.ActiveCfg = AppStore|Any CPU
		{93A9626E-D155-4563-952E-AE495D5762BB}.AppStore|x86.ActiveCfg = AppStore|Any CPU
		{93A9626E-D155-4563-952E-AE495D5762BB}.Debug|Any CPU.ActiveCfg = Debug|Any CPU
		{93A9626E-D155-4563-952E-AE495D5762BB}.Debug|Any CPU.Build.0 = Debug|Any CPU
		{93A9626E-D155-4563-952E-AE495D5762BB}.Debug|ARM.ActiveCfg = Debug|Any CPU
		{93A9626E-D155-4563-952E-AE495D5762BB}.Debug|ARM.Build.0 = Debug|Any CPU
		{93A9626E-D155-4563-952E-AE495D5762BB}.Debug|iPhone.ActiveCfg = Debug|Any CPU
		{93A9626E-D155-4563-952E-AE495D5762BB}.Debug|iPhone.Build.0 = Debug|Any CPU
		{93A9626E-D155-4563-952E-AE495D5762BB}.Debug|iPhoneSimulator.ActiveCfg = Debug|Any CPU
		{93A9626E-D155-4563-952E-AE495D5762BB}.Debug|iPhoneSimulator.Build.0 = Debug|Any CPU
		{93A9626E-D155-4563-952E-AE495D5762BB}.Debug|Mixed Platforms.ActiveCfg = Debug|Any CPU
		{93A9626E-D155-4563-952E-AE495D5762BB}.Debug|Mixed Platforms.Build.0 = Debug|Any CPU
		{93A9626E-D155-4563-952E-AE495D5762BB}.Debug|Windows Phone.ActiveCfg = Debug|Any CPU
		{93A9626E-D155-4563-952E-AE495D5762BB}.Debug|Windows Phone.Build.0 = Debug|Any CPU
		{93A9626E-D155-4563-952E-AE495D5762BB}.Debug|x64.ActiveCfg = Debug|Any CPU
		{93A9626E-D155-4563-952E-AE495D5762BB}.Debug|x64.Build.0 = Debug|Any CPU
		{93A9626E-D155-4563-952E-AE495D5762BB}.Debug|x86.ActiveCfg = Debug|Any CPU
		{93A9626E-D155-4563-952E-AE495D5762BB}.Debug|x86.Build.0 = Debug|Any CPU
		{93A9626E-D155-4563-952E-AE495D5762BB}.iOS|Any CPU.ActiveCfg = Release|Any CPU
		{93A9626E-D155-4563-952E-AE495D5762BB}.iOS|ARM.ActiveCfg = Release|Any CPU
		{93A9626E-D155-4563-952E-AE495D5762BB}.iOS|iPhone.ActiveCfg = Release|Any CPU
		{93A9626E-D155-4563-952E-AE495D5762BB}.iOS|iPhoneSimulator.ActiveCfg = Release|Any CPU
		{93A9626E-D155-4563-952E-AE495D5762BB}.iOS|Mixed Platforms.ActiveCfg = Release|Any CPU
		{93A9626E-D155-4563-952E-AE495D5762BB}.iOS|Windows Phone.ActiveCfg = Release|Any CPU
		{93A9626E-D155-4563-952E-AE495D5762BB}.iOS|x64.ActiveCfg = Release|Any CPU
		{93A9626E-D155-4563-952E-AE495D5762BB}.iOS|x86.ActiveCfg = Release|Any CPU
		{93A9626E-D155-4563-952E-AE495D5762BB}.Linux|Any CPU.ActiveCfg = Release|Any CPU
		{93A9626E-D155-4563-952E-AE495D5762BB}.Linux|ARM.ActiveCfg = Release|Any CPU
		{93A9626E-D155-4563-952E-AE495D5762BB}.Linux|iPhone.ActiveCfg = Release|Any CPU
		{93A9626E-D155-4563-952E-AE495D5762BB}.Linux|iPhoneSimulator.ActiveCfg = Release|Any CPU
		{93A9626E-D155-4563-952E-AE495D5762BB}.Linux|Mixed Platforms.ActiveCfg = Release|Any CPU
		{93A9626E-D155-4563-952E-AE495D5762BB}.Linux|Windows Phone.ActiveCfg = Release|Any CPU
		{93A9626E-D155-4563-952E-AE495D5762BB}.Linux|x64.ActiveCfg = Release|Any CPU
		{93A9626E-D155-4563-952E-AE495D5762BB}.Linux|x86.ActiveCfg = Release|Any CPU
		{93A9626E-D155-4563-952E-AE495D5762BB}.OSX|Any CPU.ActiveCfg = Release|Any CPU
		{93A9626E-D155-4563-952E-AE495D5762BB}.OSX|ARM.ActiveCfg = Release|Any CPU
		{93A9626E-D155-4563-952E-AE495D5762BB}.OSX|iPhone.ActiveCfg = Release|Any CPU
		{93A9626E-D155-4563-952E-AE495D5762BB}.OSX|iPhoneSimulator.ActiveCfg = Release|Any CPU
		{93A9626E-D155-4563-952E-AE495D5762BB}.OSX|Mixed Platforms.ActiveCfg = Release|Any CPU
		{93A9626E-D155-4563-952E-AE495D5762BB}.OSX|Windows Phone.ActiveCfg = Release|Any CPU
		{93A9626E-D155-4563-952E-AE495D5762BB}.OSX|x64.ActiveCfg = Release|Any CPU
		{93A9626E-D155-4563-952E-AE495D5762BB}.OSX|x86.ActiveCfg = Release|Any CPU
		{93A9626E-D155-4563-952E-AE495D5762BB}.PSM|Any CPU.ActiveCfg = Release|Any CPU
		{93A9626E-D155-4563-952E-AE495D5762BB}.PSM|ARM.ActiveCfg = Release|Any CPU
		{93A9626E-D155-4563-952E-AE495D5762BB}.PSM|iPhone.ActiveCfg = Release|Any CPU
		{93A9626E-D155-4563-952E-AE495D5762BB}.PSM|iPhoneSimulator.ActiveCfg = Release|Any CPU
		{93A9626E-D155-4563-952E-AE495D5762BB}.PSM|Mixed Platforms.ActiveCfg = Release|Any CPU
		{93A9626E-D155-4563-952E-AE495D5762BB}.PSM|Windows Phone.ActiveCfg = Release|Any CPU
		{93A9626E-D155-4563-952E-AE495D5762BB}.PSM|x64.ActiveCfg = Release|Any CPU
		{93A9626E-D155-4563-952E-AE495D5762BB}.PSM|x86.ActiveCfg = Release|Any CPU
		{93A9626E-D155-4563-952E-AE495D5762BB}.Release|Any CPU.ActiveCfg = Release|Any CPU
		{93A9626E-D155-4563-952E-AE495D5762BB}.Release|Any CPU.Build.0 = Release|Any CPU
		{93A9626E-D155-4563-952E-AE495D5762BB}.Release|ARM.ActiveCfg = Release|Any CPU
		{93A9626E-D155-4563-952E-AE495D5762BB}.Release|ARM.Build.0 = Release|Any CPU
		{93A9626E-D155-4563-952E-AE495D5762BB}.Release|iPhone.ActiveCfg = Release|Any CPU
		{93A9626E-D155-4563-952E-AE495D5762BB}.Release|iPhone.Build.0 = Release|Any CPU
		{93A9626E-D155-4563-952E-AE495D5762BB}.Release|iPhoneSimulator.ActiveCfg = Release|Any CPU
		{93A9626E-D155-4563-952E-AE495D5762BB}.Release|iPhoneSimulator.Build.0 = Release|Any CPU
		{93A9626E-D155-4563-952E-AE495D5762BB}.Release|Mixed Platforms.ActiveCfg = Release|Any CPU
		{93A9626E-D155-4563-952E-AE495D5762BB}.Release|Mixed Platforms.Build.0 = Release|Any CPU
		{93A9626E-D155-4563-952E-AE495D5762BB}.Release|Windows Phone.ActiveCfg = Release|Any CPU
		{93A9626E-D155-4563-952E-AE495D5762BB}.Release|Windows Phone.Build.0 = Release|Any CPU
		{93A9626E-D155-4563-952E-AE495D5762BB}.Release|x64.ActiveCfg = Release|Any CPU
		{93A9626E-D155-4563-952E-AE495D5762BB}.Release|x64.Build.0 = Release|Any CPU
		{93A9626E-D155-4563-952E-AE495D5762BB}.Release|x86.ActiveCfg = Release|Any CPU
		{93A9626E-D155-4563-952E-AE495D5762BB}.Release|x86.Build.0 = Release|Any CPU
		{93A9626E-D155-4563-952E-AE495D5762BB}.Windows|Any CPU.ActiveCfg = Release|Any CPU
		{93A9626E-D155-4563-952E-AE495D5762BB}.Windows|ARM.ActiveCfg = Release|Any CPU
		{93A9626E-D155-4563-952E-AE495D5762BB}.Windows|iPhone.ActiveCfg = Release|Any CPU
		{93A9626E-D155-4563-952E-AE495D5762BB}.Windows|iPhoneSimulator.ActiveCfg = Release|Any CPU
		{93A9626E-D155-4563-952E-AE495D5762BB}.Windows|Mixed Platforms.ActiveCfg = Release|Any CPU
		{93A9626E-D155-4563-952E-AE495D5762BB}.Windows|Windows Phone.ActiveCfg = Release|Any CPU
		{93A9626E-D155-4563-952E-AE495D5762BB}.Windows|x64.ActiveCfg = Release|Any CPU
		{93A9626E-D155-4563-952E-AE495D5762BB}.Windows|x86.ActiveCfg = Release|Any CPU
		{93A9626E-D155-4563-952E-AE495D5762BB}.Windows8|Any CPU.ActiveCfg = Release|Any CPU
		{93A9626E-D155-4563-952E-AE495D5762BB}.Windows8|ARM.ActiveCfg = Release|Any CPU
		{93A9626E-D155-4563-952E-AE495D5762BB}.Windows8|iPhone.ActiveCfg = Release|Any CPU
		{93A9626E-D155-4563-952E-AE495D5762BB}.Windows8|iPhoneSimulator.ActiveCfg = Release|Any CPU
		{93A9626E-D155-4563-952E-AE495D5762BB}.Windows8|Mixed Platforms.ActiveCfg = Release|Any CPU
		{93A9626E-D155-4563-952E-AE495D5762BB}.Windows8|Windows Phone.ActiveCfg = Release|Any CPU
		{93A9626E-D155-4563-952E-AE495D5762BB}.Windows8|x64.ActiveCfg = Release|Any CPU
		{93A9626E-D155-4563-952E-AE495D5762BB}.Windows8|x86.ActiveCfg = Release|Any CPU
		{7AB6FB85-DD40-4162-8CFE-B761EFAC3DD1}.Ad-Hoc|Any CPU.ActiveCfg = Ad-Hoc|iPhone
		{7AB6FB85-DD40-4162-8CFE-B761EFAC3DD1}.Ad-Hoc|ARM.ActiveCfg = Ad-Hoc|iPhone
		{7AB6FB85-DD40-4162-8CFE-B761EFAC3DD1}.Ad-Hoc|iPhone.ActiveCfg = Ad-Hoc|iPhone
		{7AB6FB85-DD40-4162-8CFE-B761EFAC3DD1}.Ad-Hoc|iPhone.Build.0 = Ad-Hoc|iPhone
		{7AB6FB85-DD40-4162-8CFE-B761EFAC3DD1}.Ad-Hoc|iPhoneSimulator.ActiveCfg = Ad-Hoc|iPhone
		{7AB6FB85-DD40-4162-8CFE-B761EFAC3DD1}.Ad-Hoc|Mixed Platforms.ActiveCfg = Ad-Hoc|iPhone
		{7AB6FB85-DD40-4162-8CFE-B761EFAC3DD1}.Ad-Hoc|Windows Phone.ActiveCfg = Ad-Hoc|iPhone
		{7AB6FB85-DD40-4162-8CFE-B761EFAC3DD1}.Ad-Hoc|x64.ActiveCfg = Ad-Hoc|iPhone
		{7AB6FB85-DD40-4162-8CFE-B761EFAC3DD1}.Ad-Hoc|x86.ActiveCfg = Ad-Hoc|iPhone
		{7AB6FB85-DD40-4162-8CFE-B761EFAC3DD1}.Android|Any CPU.ActiveCfg = AppStore|iPhone
		{7AB6FB85-DD40-4162-8CFE-B761EFAC3DD1}.Android|ARM.ActiveCfg = AppStore|iPhone
		{7AB6FB85-DD40-4162-8CFE-B761EFAC3DD1}.Android|iPhone.ActiveCfg = AppStore|iPhone
		{7AB6FB85-DD40-4162-8CFE-B761EFAC3DD1}.Android|iPhoneSimulator.ActiveCfg = Release|iPhoneSimulator
		{7AB6FB85-DD40-4162-8CFE-B761EFAC3DD1}.Android|Mixed Platforms.ActiveCfg = AppStore|iPhone
		{7AB6FB85-DD40-4162-8CFE-B761EFAC3DD1}.Android|Windows Phone.ActiveCfg = AppStore|iPhone
		{7AB6FB85-DD40-4162-8CFE-B761EFAC3DD1}.Android|x64.ActiveCfg = AppStore|iPhone
		{7AB6FB85-DD40-4162-8CFE-B761EFAC3DD1}.Android|x86.ActiveCfg = AppStore|iPhone
		{7AB6FB85-DD40-4162-8CFE-B761EFAC3DD1}.AppStore|Any CPU.ActiveCfg = AppStore|iPhone
		{7AB6FB85-DD40-4162-8CFE-B761EFAC3DD1}.AppStore|Any CPU.Build.0 = AppStore|iPhone
		{7AB6FB85-DD40-4162-8CFE-B761EFAC3DD1}.AppStore|ARM.ActiveCfg = AppStore|iPhone
		{7AB6FB85-DD40-4162-8CFE-B761EFAC3DD1}.AppStore|ARM.Build.0 = AppStore|iPhone
		{7AB6FB85-DD40-4162-8CFE-B761EFAC3DD1}.AppStore|iPhone.ActiveCfg = AppStore|iPhone
		{7AB6FB85-DD40-4162-8CFE-B761EFAC3DD1}.AppStore|iPhone.Build.0 = AppStore|iPhone
		{7AB6FB85-DD40-4162-8CFE-B761EFAC3DD1}.AppStore|iPhoneSimulator.ActiveCfg = AppStore|iPhone
		{7AB6FB85-DD40-4162-8CFE-B761EFAC3DD1}.AppStore|Mixed Platforms.ActiveCfg = AppStore|iPhone
		{7AB6FB85-DD40-4162-8CFE-B761EFAC3DD1}.AppStore|Mixed Platforms.Build.0 = AppStore|iPhone
		{7AB6FB85-DD40-4162-8CFE-B761EFAC3DD1}.AppStore|Windows Phone.ActiveCfg = AppStore|iPhone
		{7AB6FB85-DD40-4162-8CFE-B761EFAC3DD1}.AppStore|Windows Phone.Build.0 = AppStore|iPhone
		{7AB6FB85-DD40-4162-8CFE-B761EFAC3DD1}.AppStore|x64.ActiveCfg = AppStore|iPhone
		{7AB6FB85-DD40-4162-8CFE-B761EFAC3DD1}.AppStore|x64.Build.0 = AppStore|iPhone
		{7AB6FB85-DD40-4162-8CFE-B761EFAC3DD1}.AppStore|x86.ActiveCfg = AppStore|iPhone
		{7AB6FB85-DD40-4162-8CFE-B761EFAC3DD1}.AppStore|x86.Build.0 = AppStore|iPhone
		{7AB6FB85-DD40-4162-8CFE-B761EFAC3DD1}.Debug|Any CPU.ActiveCfg = Debug|iPhoneSimulator
		{7AB6FB85-DD40-4162-8CFE-B761EFAC3DD1}.Debug|Any CPU.Build.0 = Debug|iPhoneSimulator
		{7AB6FB85-DD40-4162-8CFE-B761EFAC3DD1}.Debug|ARM.ActiveCfg = Debug|iPhoneSimulator
		{7AB6FB85-DD40-4162-8CFE-B761EFAC3DD1}.Debug|ARM.Build.0 = Debug|iPhoneSimulator
		{7AB6FB85-DD40-4162-8CFE-B761EFAC3DD1}.Debug|iPhone.ActiveCfg = Debug|iPhone
		{7AB6FB85-DD40-4162-8CFE-B761EFAC3DD1}.Debug|iPhone.Build.0 = Debug|iPhone
		{7AB6FB85-DD40-4162-8CFE-B761EFAC3DD1}.Debug|iPhoneSimulator.ActiveCfg = Debug|iPhoneSimulator
		{7AB6FB85-DD40-4162-8CFE-B761EFAC3DD1}.Debug|iPhoneSimulator.Build.0 = Debug|iPhoneSimulator
		{7AB6FB85-DD40-4162-8CFE-B761EFAC3DD1}.Debug|Mixed Platforms.ActiveCfg = Debug|iPhoneSimulator
		{7AB6FB85-DD40-4162-8CFE-B761EFAC3DD1}.Debug|Mixed Platforms.Build.0 = Debug|iPhoneSimulator
		{7AB6FB85-DD40-4162-8CFE-B761EFAC3DD1}.Debug|Windows Phone.ActiveCfg = Debug|iPhoneSimulator
		{7AB6FB85-DD40-4162-8CFE-B761EFAC3DD1}.Debug|Windows Phone.Build.0 = Debug|iPhoneSimulator
		{7AB6FB85-DD40-4162-8CFE-B761EFAC3DD1}.Debug|x64.ActiveCfg = Debug|iPhoneSimulator
		{7AB6FB85-DD40-4162-8CFE-B761EFAC3DD1}.Debug|x64.Build.0 = Debug|iPhoneSimulator
		{7AB6FB85-DD40-4162-8CFE-B761EFAC3DD1}.Debug|x86.ActiveCfg = Debug|iPhoneSimulator
		{7AB6FB85-DD40-4162-8CFE-B761EFAC3DD1}.Debug|x86.Build.0 = Debug|iPhoneSimulator
		{7AB6FB85-DD40-4162-8CFE-B761EFAC3DD1}.iOS|Any CPU.ActiveCfg = Release|iPhone
		{7AB6FB85-DD40-4162-8CFE-B761EFAC3DD1}.iOS|ARM.ActiveCfg = Release|iPhone
		{7AB6FB85-DD40-4162-8CFE-B761EFAC3DD1}.iOS|iPhone.ActiveCfg = Release|iPhone
		{7AB6FB85-DD40-4162-8CFE-B761EFAC3DD1}.iOS|iPhoneSimulator.ActiveCfg = Release|iPhoneSimulator
		{7AB6FB85-DD40-4162-8CFE-B761EFAC3DD1}.iOS|Mixed Platforms.ActiveCfg = Release|iPhone
		{7AB6FB85-DD40-4162-8CFE-B761EFAC3DD1}.iOS|Windows Phone.ActiveCfg = Release|iPhone
		{7AB6FB85-DD40-4162-8CFE-B761EFAC3DD1}.iOS|x64.ActiveCfg = Release|iPhone
		{7AB6FB85-DD40-4162-8CFE-B761EFAC3DD1}.iOS|x86.ActiveCfg = Release|iPhone
		{7AB6FB85-DD40-4162-8CFE-B761EFAC3DD1}.Linux|Any CPU.ActiveCfg = Release|iPhone
		{7AB6FB85-DD40-4162-8CFE-B761EFAC3DD1}.Linux|ARM.ActiveCfg = Release|iPhone
		{7AB6FB85-DD40-4162-8CFE-B761EFAC3DD1}.Linux|iPhone.ActiveCfg = Release|iPhone
		{7AB6FB85-DD40-4162-8CFE-B761EFAC3DD1}.Linux|iPhoneSimulator.ActiveCfg = Release|iPhoneSimulator
		{7AB6FB85-DD40-4162-8CFE-B761EFAC3DD1}.Linux|Mixed Platforms.ActiveCfg = Release|iPhone
		{7AB6FB85-DD40-4162-8CFE-B761EFAC3DD1}.Linux|Windows Phone.ActiveCfg = Release|iPhone
		{7AB6FB85-DD40-4162-8CFE-B761EFAC3DD1}.Linux|x64.ActiveCfg = Release|iPhone
		{7AB6FB85-DD40-4162-8CFE-B761EFAC3DD1}.Linux|x86.ActiveCfg = Release|iPhone
		{7AB6FB85-DD40-4162-8CFE-B761EFAC3DD1}.OSX|Any CPU.ActiveCfg = Release|iPhone
		{7AB6FB85-DD40-4162-8CFE-B761EFAC3DD1}.OSX|ARM.ActiveCfg = Release|iPhone
		{7AB6FB85-DD40-4162-8CFE-B761EFAC3DD1}.OSX|iPhone.ActiveCfg = Release|iPhone
		{7AB6FB85-DD40-4162-8CFE-B761EFAC3DD1}.OSX|iPhoneSimulator.ActiveCfg = Release|iPhoneSimulator
		{7AB6FB85-DD40-4162-8CFE-B761EFAC3DD1}.OSX|Mixed Platforms.ActiveCfg = Release|iPhone
		{7AB6FB85-DD40-4162-8CFE-B761EFAC3DD1}.OSX|Windows Phone.ActiveCfg = Release|iPhone
		{7AB6FB85-DD40-4162-8CFE-B761EFAC3DD1}.OSX|x64.ActiveCfg = Release|iPhone
		{7AB6FB85-DD40-4162-8CFE-B761EFAC3DD1}.OSX|x86.ActiveCfg = Release|iPhone
		{7AB6FB85-DD40-4162-8CFE-B761EFAC3DD1}.PSM|Any CPU.ActiveCfg = Release|iPhone
		{7AB6FB85-DD40-4162-8CFE-B761EFAC3DD1}.PSM|ARM.ActiveCfg = Release|iPhone
		{7AB6FB85-DD40-4162-8CFE-B761EFAC3DD1}.PSM|iPhone.ActiveCfg = Release|iPhone
		{7AB6FB85-DD40-4162-8CFE-B761EFAC3DD1}.PSM|iPhoneSimulator.ActiveCfg = Release|iPhoneSimulator
		{7AB6FB85-DD40-4162-8CFE-B761EFAC3DD1}.PSM|Mixed Platforms.ActiveCfg = Release|iPhone
		{7AB6FB85-DD40-4162-8CFE-B761EFAC3DD1}.PSM|Windows Phone.ActiveCfg = Release|iPhone
		{7AB6FB85-DD40-4162-8CFE-B761EFAC3DD1}.PSM|x64.ActiveCfg = Release|iPhone
		{7AB6FB85-DD40-4162-8CFE-B761EFAC3DD1}.PSM|x86.ActiveCfg = Release|iPhone
		{7AB6FB85-DD40-4162-8CFE-B761EFAC3DD1}.Release|Any CPU.ActiveCfg = Release|iPhoneSimulator
		{7AB6FB85-DD40-4162-8CFE-B761EFAC3DD1}.Release|Any CPU.Build.0 = Release|iPhoneSimulator
		{7AB6FB85-DD40-4162-8CFE-B761EFAC3DD1}.Release|ARM.ActiveCfg = Release|iPhoneSimulator
		{7AB6FB85-DD40-4162-8CFE-B761EFAC3DD1}.Release|ARM.Build.0 = Release|iPhoneSimulator
		{7AB6FB85-DD40-4162-8CFE-B761EFAC3DD1}.Release|iPhone.ActiveCfg = Release|iPhone
		{7AB6FB85-DD40-4162-8CFE-B761EFAC3DD1}.Release|iPhone.Build.0 = Release|iPhone
		{7AB6FB85-DD40-4162-8CFE-B761EFAC3DD1}.Release|iPhoneSimulator.ActiveCfg = Release|iPhoneSimulator
		{7AB6FB85-DD40-4162-8CFE-B761EFAC3DD1}.Release|iPhoneSimulator.Build.0 = Release|iPhoneSimulator
		{7AB6FB85-DD40-4162-8CFE-B761EFAC3DD1}.Release|Mixed Platforms.ActiveCfg = Release|iPhoneSimulator
		{7AB6FB85-DD40-4162-8CFE-B761EFAC3DD1}.Release|Mixed Platforms.Build.0 = Release|iPhoneSimulator
		{7AB6FB85-DD40-4162-8CFE-B761EFAC3DD1}.Release|Windows Phone.ActiveCfg = Release|iPhoneSimulator
		{7AB6FB85-DD40-4162-8CFE-B761EFAC3DD1}.Release|Windows Phone.Build.0 = Release|iPhoneSimulator
		{7AB6FB85-DD40-4162-8CFE-B761EFAC3DD1}.Release|x64.ActiveCfg = Release|iPhoneSimulator
		{7AB6FB85-DD40-4162-8CFE-B761EFAC3DD1}.Release|x64.Build.0 = Release|iPhoneSimulator
		{7AB6FB85-DD40-4162-8CFE-B761EFAC3DD1}.Release|x86.ActiveCfg = Release|iPhoneSimulator
		{7AB6FB85-DD40-4162-8CFE-B761EFAC3DD1}.Release|x86.Build.0 = Release|iPhoneSimulator
		{7AB6FB85-DD40-4162-8CFE-B761EFAC3DD1}.Windows|Any CPU.ActiveCfg = Release|iPhone
		{7AB6FB85-DD40-4162-8CFE-B761EFAC3DD1}.Windows|ARM.ActiveCfg = Release|iPhone
		{7AB6FB85-DD40-4162-8CFE-B761EFAC3DD1}.Windows|iPhone.ActiveCfg = Release|iPhone
		{7AB6FB85-DD40-4162-8CFE-B761EFAC3DD1}.Windows|iPhoneSimulator.ActiveCfg = Release|iPhoneSimulator
		{7AB6FB85-DD40-4162-8CFE-B761EFAC3DD1}.Windows|Mixed Platforms.ActiveCfg = Release|iPhone
		{7AB6FB85-DD40-4162-8CFE-B761EFAC3DD1}.Windows|Windows Phone.ActiveCfg = Release|iPhone
		{7AB6FB85-DD40-4162-8CFE-B761EFAC3DD1}.Windows|x64.ActiveCfg = Release|iPhone
		{7AB6FB85-DD40-4162-8CFE-B761EFAC3DD1}.Windows|x86.ActiveCfg = Release|iPhone
		{7AB6FB85-DD40-4162-8CFE-B761EFAC3DD1}.Windows8|Any CPU.ActiveCfg = Release|iPhone
		{7AB6FB85-DD40-4162-8CFE-B761EFAC3DD1}.Windows8|ARM.ActiveCfg = Release|iPhone
		{7AB6FB85-DD40-4162-8CFE-B761EFAC3DD1}.Windows8|iPhone.ActiveCfg = Release|iPhone
		{7AB6FB85-DD40-4162-8CFE-B761EFAC3DD1}.Windows8|iPhoneSimulator.ActiveCfg = Release|iPhoneSimulator
		{7AB6FB85-DD40-4162-8CFE-B761EFAC3DD1}.Windows8|Mixed Platforms.ActiveCfg = Release|iPhone
		{7AB6FB85-DD40-4162-8CFE-B761EFAC3DD1}.Windows8|Windows Phone.ActiveCfg = Release|iPhone
		{7AB6FB85-DD40-4162-8CFE-B761EFAC3DD1}.Windows8|x64.ActiveCfg = Release|iPhone
		{7AB6FB85-DD40-4162-8CFE-B761EFAC3DD1}.Windows8|x86.ActiveCfg = Release|iPhone
		{54B14604-0430-41DA-90FC-1F2E2846450B}.Ad-Hoc|Any CPU.ActiveCfg = Android|Any CPU
		{54B14604-0430-41DA-90FC-1F2E2846450B}.Ad-Hoc|Any CPU.Build.0 = Android|Any CPU
		{54B14604-0430-41DA-90FC-1F2E2846450B}.Ad-Hoc|ARM.ActiveCfg = Android|Any CPU
		{54B14604-0430-41DA-90FC-1F2E2846450B}.Ad-Hoc|iPhone.ActiveCfg = Android|Any CPU
		{54B14604-0430-41DA-90FC-1F2E2846450B}.Ad-Hoc|iPhoneSimulator.ActiveCfg = Android|Any CPU
		{54B14604-0430-41DA-90FC-1F2E2846450B}.Ad-Hoc|Mixed Platforms.ActiveCfg = Android|Any CPU
		{54B14604-0430-41DA-90FC-1F2E2846450B}.Ad-Hoc|Mixed Platforms.Build.0 = Android|Any CPU
		{54B14604-0430-41DA-90FC-1F2E2846450B}.Ad-Hoc|Windows Phone.ActiveCfg = Android|Any CPU
		{54B14604-0430-41DA-90FC-1F2E2846450B}.Ad-Hoc|x64.ActiveCfg = Android|Any CPU
		{54B14604-0430-41DA-90FC-1F2E2846450B}.Ad-Hoc|x86.ActiveCfg = Android|Any CPU
		{54B14604-0430-41DA-90FC-1F2E2846450B}.Android|Any CPU.ActiveCfg = Android|Any CPU
		{54B14604-0430-41DA-90FC-1F2E2846450B}.Android|Any CPU.Build.0 = Android|Any CPU
		{54B14604-0430-41DA-90FC-1F2E2846450B}.Android|ARM.ActiveCfg = Android|Any CPU
		{54B14604-0430-41DA-90FC-1F2E2846450B}.Android|iPhone.ActiveCfg = Android|Any CPU
		{54B14604-0430-41DA-90FC-1F2E2846450B}.Android|iPhoneSimulator.ActiveCfg = Android|Any CPU
		{54B14604-0430-41DA-90FC-1F2E2846450B}.Android|Mixed Platforms.ActiveCfg = Android|Any CPU
		{54B14604-0430-41DA-90FC-1F2E2846450B}.Android|Mixed Platforms.Build.0 = Android|Any CPU
		{54B14604-0430-41DA-90FC-1F2E2846450B}.Android|Windows Phone.ActiveCfg = Android|Any CPU
		{54B14604-0430-41DA-90FC-1F2E2846450B}.Android|x64.ActiveCfg = Android|Any CPU
		{54B14604-0430-41DA-90FC-1F2E2846450B}.Android|x86.ActiveCfg = Android|Any CPU
		{54B14604-0430-41DA-90FC-1F2E2846450B}.AppStore|Any CPU.ActiveCfg = Android|Any CPU
		{54B14604-0430-41DA-90FC-1F2E2846450B}.AppStore|Any CPU.Build.0 = Android|Any CPU
		{54B14604-0430-41DA-90FC-1F2E2846450B}.AppStore|ARM.ActiveCfg = Android|Any CPU
		{54B14604-0430-41DA-90FC-1F2E2846450B}.AppStore|iPhone.ActiveCfg = Android|Any CPU
		{54B14604-0430-41DA-90FC-1F2E2846450B}.AppStore|iPhoneSimulator.ActiveCfg = Android|Any CPU
		{54B14604-0430-41DA-90FC-1F2E2846450B}.AppStore|Mixed Platforms.ActiveCfg = Android|Any CPU
		{54B14604-0430-41DA-90FC-1F2E2846450B}.AppStore|Mixed Platforms.Build.0 = Android|Any CPU
		{54B14604-0430-41DA-90FC-1F2E2846450B}.AppStore|Windows Phone.ActiveCfg = Android|Any CPU
		{54B14604-0430-41DA-90FC-1F2E2846450B}.AppStore|x64.ActiveCfg = Android|Any CPU
		{54B14604-0430-41DA-90FC-1F2E2846450B}.AppStore|x86.ActiveCfg = Android|Any CPU
		{54B14604-0430-41DA-90FC-1F2E2846450B}.Debug|Any CPU.ActiveCfg = PSM|Any CPU
		{54B14604-0430-41DA-90FC-1F2E2846450B}.Debug|Any CPU.Build.0 = PSM|Any CPU
		{54B14604-0430-41DA-90FC-1F2E2846450B}.Debug|ARM.ActiveCfg = PSM|Any CPU
		{54B14604-0430-41DA-90FC-1F2E2846450B}.Debug|iPhone.ActiveCfg = PSM|Any CPU
		{54B14604-0430-41DA-90FC-1F2E2846450B}.Debug|iPhoneSimulator.ActiveCfg = PSM|Any CPU
		{54B14604-0430-41DA-90FC-1F2E2846450B}.Debug|Mixed Platforms.ActiveCfg = iOS|Any CPU
		{54B14604-0430-41DA-90FC-1F2E2846450B}.Debug|Mixed Platforms.Build.0 = iOS|Any CPU
		{54B14604-0430-41DA-90FC-1F2E2846450B}.Debug|Windows Phone.ActiveCfg = PSM|Any CPU
		{54B14604-0430-41DA-90FC-1F2E2846450B}.Debug|x64.ActiveCfg = PSM|Any CPU
		{54B14604-0430-41DA-90FC-1F2E2846450B}.Debug|x86.ActiveCfg = PSM|Any CPU
		{54B14604-0430-41DA-90FC-1F2E2846450B}.iOS|Any CPU.ActiveCfg = iOS|Any CPU
		{54B14604-0430-41DA-90FC-1F2E2846450B}.iOS|Any CPU.Build.0 = iOS|Any CPU
		{54B14604-0430-41DA-90FC-1F2E2846450B}.iOS|ARM.ActiveCfg = iOS|Any CPU
		{54B14604-0430-41DA-90FC-1F2E2846450B}.iOS|iPhone.ActiveCfg = iOS|Any CPU
		{54B14604-0430-41DA-90FC-1F2E2846450B}.iOS|iPhoneSimulator.ActiveCfg = iOS|Any CPU
		{54B14604-0430-41DA-90FC-1F2E2846450B}.iOS|Mixed Platforms.ActiveCfg = iOS|Any CPU
		{54B14604-0430-41DA-90FC-1F2E2846450B}.iOS|Mixed Platforms.Build.0 = iOS|Any CPU
		{54B14604-0430-41DA-90FC-1F2E2846450B}.iOS|Windows Phone.ActiveCfg = iOS|Any CPU
		{54B14604-0430-41DA-90FC-1F2E2846450B}.iOS|x64.ActiveCfg = iOS|Any CPU
		{54B14604-0430-41DA-90FC-1F2E2846450B}.iOS|x86.ActiveCfg = iOS|Any CPU
		{54B14604-0430-41DA-90FC-1F2E2846450B}.Linux|Any CPU.ActiveCfg = Linux|Any CPU
		{54B14604-0430-41DA-90FC-1F2E2846450B}.Linux|Any CPU.Build.0 = Linux|Any CPU
		{54B14604-0430-41DA-90FC-1F2E2846450B}.Linux|ARM.ActiveCfg = Linux|Any CPU
		{54B14604-0430-41DA-90FC-1F2E2846450B}.Linux|iPhone.ActiveCfg = Linux|Any CPU
		{54B14604-0430-41DA-90FC-1F2E2846450B}.Linux|iPhoneSimulator.ActiveCfg = Linux|Any CPU
		{54B14604-0430-41DA-90FC-1F2E2846450B}.Linux|Mixed Platforms.ActiveCfg = Linux|Any CPU
		{54B14604-0430-41DA-90FC-1F2E2846450B}.Linux|Mixed Platforms.Build.0 = Linux|Any CPU
		{54B14604-0430-41DA-90FC-1F2E2846450B}.Linux|Windows Phone.ActiveCfg = Linux|Any CPU
		{54B14604-0430-41DA-90FC-1F2E2846450B}.Linux|x64.ActiveCfg = Linux|Any CPU
		{54B14604-0430-41DA-90FC-1F2E2846450B}.Linux|x86.ActiveCfg = Linux|Any CPU
		{54B14604-0430-41DA-90FC-1F2E2846450B}.OSX|Any CPU.ActiveCfg = OSX|Any CPU
		{54B14604-0430-41DA-90FC-1F2E2846450B}.OSX|Any CPU.Build.0 = OSX|Any CPU
		{54B14604-0430-41DA-90FC-1F2E2846450B}.OSX|ARM.ActiveCfg = OSX|Any CPU
		{54B14604-0430-41DA-90FC-1F2E2846450B}.OSX|iPhone.ActiveCfg = OSX|Any CPU
		{54B14604-0430-41DA-90FC-1F2E2846450B}.OSX|iPhoneSimulator.ActiveCfg = OSX|Any CPU
		{54B14604-0430-41DA-90FC-1F2E2846450B}.OSX|Mixed Platforms.ActiveCfg = OSX|Any CPU
		{54B14604-0430-41DA-90FC-1F2E2846450B}.OSX|Mixed Platforms.Build.0 = OSX|Any CPU
		{54B14604-0430-41DA-90FC-1F2E2846450B}.OSX|Windows Phone.ActiveCfg = OSX|Any CPU
		{54B14604-0430-41DA-90FC-1F2E2846450B}.OSX|x64.ActiveCfg = OSX|Any CPU
		{54B14604-0430-41DA-90FC-1F2E2846450B}.OSX|x86.ActiveCfg = OSX|Any CPU
		{54B14604-0430-41DA-90FC-1F2E2846450B}.PSM|Any CPU.ActiveCfg = PSM|Any CPU
		{54B14604-0430-41DA-90FC-1F2E2846450B}.PSM|Any CPU.Build.0 = PSM|Any CPU
		{54B14604-0430-41DA-90FC-1F2E2846450B}.PSM|ARM.ActiveCfg = PSM|Any CPU
		{54B14604-0430-41DA-90FC-1F2E2846450B}.PSM|iPhone.ActiveCfg = PSM|Any CPU
		{54B14604-0430-41DA-90FC-1F2E2846450B}.PSM|iPhoneSimulator.ActiveCfg = PSM|Any CPU
		{54B14604-0430-41DA-90FC-1F2E2846450B}.PSM|Mixed Platforms.ActiveCfg = PSM|Any CPU
		{54B14604-0430-41DA-90FC-1F2E2846450B}.PSM|Mixed Platforms.Build.0 = PSM|Any CPU
		{54B14604-0430-41DA-90FC-1F2E2846450B}.PSM|Windows Phone.ActiveCfg = PSM|Any CPU
		{54B14604-0430-41DA-90FC-1F2E2846450B}.PSM|x64.ActiveCfg = PSM|Any CPU
		{54B14604-0430-41DA-90FC-1F2E2846450B}.PSM|x86.ActiveCfg = PSM|Any CPU
		{54B14604-0430-41DA-90FC-1F2E2846450B}.Release|Any CPU.ActiveCfg = PSM|Any CPU
		{54B14604-0430-41DA-90FC-1F2E2846450B}.Release|Any CPU.Build.0 = PSM|Any CPU
		{54B14604-0430-41DA-90FC-1F2E2846450B}.Release|ARM.ActiveCfg = PSM|Any CPU
		{54B14604-0430-41DA-90FC-1F2E2846450B}.Release|iPhone.ActiveCfg = PSM|Any CPU
		{54B14604-0430-41DA-90FC-1F2E2846450B}.Release|iPhoneSimulator.ActiveCfg = PSM|Any CPU
		{54B14604-0430-41DA-90FC-1F2E2846450B}.Release|Mixed Platforms.ActiveCfg = PSM|Any CPU
		{54B14604-0430-41DA-90FC-1F2E2846450B}.Release|Mixed Platforms.Build.0 = PSM|Any CPU
		{54B14604-0430-41DA-90FC-1F2E2846450B}.Release|Windows Phone.ActiveCfg = PSM|Any CPU
		{54B14604-0430-41DA-90FC-1F2E2846450B}.Release|x64.ActiveCfg = PSM|Any CPU
		{54B14604-0430-41DA-90FC-1F2E2846450B}.Release|x86.ActiveCfg = PSM|Any CPU
		{54B14604-0430-41DA-90FC-1F2E2846450B}.Windows|Any CPU.ActiveCfg = Windows|Any CPU
		{54B14604-0430-41DA-90FC-1F2E2846450B}.Windows|Any CPU.Build.0 = Windows|Any CPU
		{54B14604-0430-41DA-90FC-1F2E2846450B}.Windows|ARM.ActiveCfg = Windows|Any CPU
		{54B14604-0430-41DA-90FC-1F2E2846450B}.Windows|iPhone.ActiveCfg = Windows|Any CPU
		{54B14604-0430-41DA-90FC-1F2E2846450B}.Windows|iPhoneSimulator.ActiveCfg = Windows|Any CPU
		{54B14604-0430-41DA-90FC-1F2E2846450B}.Windows|Mixed Platforms.ActiveCfg = Windows|Any CPU
		{54B14604-0430-41DA-90FC-1F2E2846450B}.Windows|Mixed Platforms.Build.0 = Windows|Any CPU
		{54B14604-0430-41DA-90FC-1F2E2846450B}.Windows|Windows Phone.ActiveCfg = Windows|Any CPU
		{54B14604-0430-41DA-90FC-1F2E2846450B}.Windows|x64.ActiveCfg = Windows|Any CPU
		{54B14604-0430-41DA-90FC-1F2E2846450B}.Windows|x86.ActiveCfg = Windows|Any CPU
		{54B14604-0430-41DA-90FC-1F2E2846450B}.Windows8|Any CPU.ActiveCfg = Windows8|Any CPU
		{54B14604-0430-41DA-90FC-1F2E2846450B}.Windows8|Any CPU.Build.0 = Windows8|Any CPU
		{54B14604-0430-41DA-90FC-1F2E2846450B}.Windows8|ARM.ActiveCfg = Windows8|Any CPU
		{54B14604-0430-41DA-90FC-1F2E2846450B}.Windows8|iPhone.ActiveCfg = Windows8|Any CPU
		{54B14604-0430-41DA-90FC-1F2E2846450B}.Windows8|iPhoneSimulator.ActiveCfg = Windows8|Any CPU
		{54B14604-0430-41DA-90FC-1F2E2846450B}.Windows8|Mixed Platforms.ActiveCfg = Windows8|Any CPU
		{54B14604-0430-41DA-90FC-1F2E2846450B}.Windows8|Mixed Platforms.Build.0 = Windows8|Any CPU
		{54B14604-0430-41DA-90FC-1F2E2846450B}.Windows8|Windows Phone.ActiveCfg = Windows8|Any CPU
		{54B14604-0430-41DA-90FC-1F2E2846450B}.Windows8|x64.ActiveCfg = Windows8|Any CPU
		{54B14604-0430-41DA-90FC-1F2E2846450B}.Windows8|x86.ActiveCfg = Windows8|Any CPU
		{65B0258F-ADD8-4AD5-82E4-117F4617DA86}.Ad-Hoc|Any CPU.ActiveCfg = Android|Any CPU
		{65B0258F-ADD8-4AD5-82E4-117F4617DA86}.Ad-Hoc|ARM.ActiveCfg = Android|Any CPU
		{65B0258F-ADD8-4AD5-82E4-117F4617DA86}.Ad-Hoc|iPhone.ActiveCfg = Android|Any CPU
		{65B0258F-ADD8-4AD5-82E4-117F4617DA86}.Ad-Hoc|iPhoneSimulator.ActiveCfg = Android|Any CPU
		{65B0258F-ADD8-4AD5-82E4-117F4617DA86}.Ad-Hoc|Mixed Platforms.ActiveCfg = Android|Any CPU
		{65B0258F-ADD8-4AD5-82E4-117F4617DA86}.Ad-Hoc|Windows Phone.ActiveCfg = Android|Any CPU
		{65B0258F-ADD8-4AD5-82E4-117F4617DA86}.Ad-Hoc|x64.ActiveCfg = Android|Any CPU
		{65B0258F-ADD8-4AD5-82E4-117F4617DA86}.Ad-Hoc|x86.ActiveCfg = Android|Any CPU
		{65B0258F-ADD8-4AD5-82E4-117F4617DA86}.Android|Any CPU.ActiveCfg = Android|Any CPU
		{65B0258F-ADD8-4AD5-82E4-117F4617DA86}.Android|ARM.ActiveCfg = Android|Any CPU
		{65B0258F-ADD8-4AD5-82E4-117F4617DA86}.Android|iPhone.ActiveCfg = Android|Any CPU
		{65B0258F-ADD8-4AD5-82E4-117F4617DA86}.Android|iPhoneSimulator.ActiveCfg = Android|Any CPU
		{65B0258F-ADD8-4AD5-82E4-117F4617DA86}.Android|Mixed Platforms.ActiveCfg = Android|Any CPU
		{65B0258F-ADD8-4AD5-82E4-117F4617DA86}.Android|Windows Phone.ActiveCfg = Android|Any CPU
		{65B0258F-ADD8-4AD5-82E4-117F4617DA86}.Android|x64.ActiveCfg = Android|Any CPU
		{65B0258F-ADD8-4AD5-82E4-117F4617DA86}.Android|x86.ActiveCfg = Android|Any CPU
		{65B0258F-ADD8-4AD5-82E4-117F4617DA86}.AppStore|Any CPU.ActiveCfg = Android|Any CPU
		{65B0258F-ADD8-4AD5-82E4-117F4617DA86}.AppStore|ARM.ActiveCfg = Android|Any CPU
		{65B0258F-ADD8-4AD5-82E4-117F4617DA86}.AppStore|iPhone.ActiveCfg = Android|Any CPU
		{65B0258F-ADD8-4AD5-82E4-117F4617DA86}.AppStore|iPhoneSimulator.ActiveCfg = Android|Any CPU
		{65B0258F-ADD8-4AD5-82E4-117F4617DA86}.AppStore|Mixed Platforms.ActiveCfg = Android|Any CPU
		{65B0258F-ADD8-4AD5-82E4-117F4617DA86}.AppStore|Windows Phone.ActiveCfg = Android|Any CPU
		{65B0258F-ADD8-4AD5-82E4-117F4617DA86}.AppStore|x64.ActiveCfg = Android|Any CPU
		{65B0258F-ADD8-4AD5-82E4-117F4617DA86}.AppStore|x86.ActiveCfg = Android|Any CPU
		{65B0258F-ADD8-4AD5-82E4-117F4617DA86}.Debug|Any CPU.ActiveCfg = PSM|Any CPU
		{65B0258F-ADD8-4AD5-82E4-117F4617DA86}.Debug|ARM.ActiveCfg = PSM|Any CPU
		{65B0258F-ADD8-4AD5-82E4-117F4617DA86}.Debug|iPhone.ActiveCfg = PSM|Any CPU
		{65B0258F-ADD8-4AD5-82E4-117F4617DA86}.Debug|iPhoneSimulator.ActiveCfg = PSM|Any CPU
		{65B0258F-ADD8-4AD5-82E4-117F4617DA86}.Debug|Mixed Platforms.ActiveCfg = PSM|Any CPU
		{65B0258F-ADD8-4AD5-82E4-117F4617DA86}.Debug|Windows Phone.ActiveCfg = PSM|Any CPU
		{65B0258F-ADD8-4AD5-82E4-117F4617DA86}.Debug|x64.ActiveCfg = PSM|Any CPU
		{65B0258F-ADD8-4AD5-82E4-117F4617DA86}.Debug|x86.ActiveCfg = PSM|Any CPU
		{65B0258F-ADD8-4AD5-82E4-117F4617DA86}.iOS|Any CPU.ActiveCfg = iOS|Any CPU
		{65B0258F-ADD8-4AD5-82E4-117F4617DA86}.iOS|ARM.ActiveCfg = iOS|Any CPU
		{65B0258F-ADD8-4AD5-82E4-117F4617DA86}.iOS|iPhone.ActiveCfg = iOS|Any CPU
		{65B0258F-ADD8-4AD5-82E4-117F4617DA86}.iOS|iPhoneSimulator.ActiveCfg = iOS|Any CPU
		{65B0258F-ADD8-4AD5-82E4-117F4617DA86}.iOS|Mixed Platforms.ActiveCfg = iOS|Any CPU
		{65B0258F-ADD8-4AD5-82E4-117F4617DA86}.iOS|Windows Phone.ActiveCfg = iOS|Any CPU
		{65B0258F-ADD8-4AD5-82E4-117F4617DA86}.iOS|x64.ActiveCfg = iOS|Any CPU
		{65B0258F-ADD8-4AD5-82E4-117F4617DA86}.iOS|x86.ActiveCfg = iOS|Any CPU
		{65B0258F-ADD8-4AD5-82E4-117F4617DA86}.Linux|Any CPU.ActiveCfg = Linux|Any CPU
		{65B0258F-ADD8-4AD5-82E4-117F4617DA86}.Linux|ARM.ActiveCfg = Linux|Any CPU
		{65B0258F-ADD8-4AD5-82E4-117F4617DA86}.Linux|iPhone.ActiveCfg = Linux|Any CPU
		{65B0258F-ADD8-4AD5-82E4-117F4617DA86}.Linux|iPhoneSimulator.ActiveCfg = Linux|Any CPU
		{65B0258F-ADD8-4AD5-82E4-117F4617DA86}.Linux|Mixed Platforms.ActiveCfg = Linux|Any CPU
		{65B0258F-ADD8-4AD5-82E4-117F4617DA86}.Linux|Windows Phone.ActiveCfg = Linux|Any CPU
		{65B0258F-ADD8-4AD5-82E4-117F4617DA86}.Linux|x64.ActiveCfg = Linux|Any CPU
		{65B0258F-ADD8-4AD5-82E4-117F4617DA86}.Linux|x86.ActiveCfg = Linux|Any CPU
		{65B0258F-ADD8-4AD5-82E4-117F4617DA86}.OSX|Any CPU.ActiveCfg = OSX|Any CPU
		{65B0258F-ADD8-4AD5-82E4-117F4617DA86}.OSX|ARM.ActiveCfg = OSX|Any CPU
		{65B0258F-ADD8-4AD5-82E4-117F4617DA86}.OSX|iPhone.ActiveCfg = OSX|Any CPU
		{65B0258F-ADD8-4AD5-82E4-117F4617DA86}.OSX|iPhoneSimulator.ActiveCfg = OSX|Any CPU
		{65B0258F-ADD8-4AD5-82E4-117F4617DA86}.OSX|Mixed Platforms.ActiveCfg = OSX|Any CPU
		{65B0258F-ADD8-4AD5-82E4-117F4617DA86}.OSX|Windows Phone.ActiveCfg = OSX|Any CPU
		{65B0258F-ADD8-4AD5-82E4-117F4617DA86}.OSX|x64.ActiveCfg = OSX|Any CPU
		{65B0258F-ADD8-4AD5-82E4-117F4617DA86}.OSX|x86.ActiveCfg = OSX|Any CPU
		{65B0258F-ADD8-4AD5-82E4-117F4617DA86}.PSM|Any CPU.ActiveCfg = PSM|Any CPU
		{65B0258F-ADD8-4AD5-82E4-117F4617DA86}.PSM|ARM.ActiveCfg = PSM|Any CPU
		{65B0258F-ADD8-4AD5-82E4-117F4617DA86}.PSM|iPhone.ActiveCfg = PSM|Any CPU
		{65B0258F-ADD8-4AD5-82E4-117F4617DA86}.PSM|iPhoneSimulator.ActiveCfg = PSM|Any CPU
		{65B0258F-ADD8-4AD5-82E4-117F4617DA86}.PSM|Mixed Platforms.ActiveCfg = PSM|Any CPU
		{65B0258F-ADD8-4AD5-82E4-117F4617DA86}.PSM|Windows Phone.ActiveCfg = PSM|Any CPU
		{65B0258F-ADD8-4AD5-82E4-117F4617DA86}.PSM|x64.ActiveCfg = PSM|Any CPU
		{65B0258F-ADD8-4AD5-82E4-117F4617DA86}.PSM|x86.ActiveCfg = PSM|Any CPU
		{65B0258F-ADD8-4AD5-82E4-117F4617DA86}.Release|Any CPU.ActiveCfg = PSM|Any CPU
		{65B0258F-ADD8-4AD5-82E4-117F4617DA86}.Release|ARM.ActiveCfg = PSM|Any CPU
		{65B0258F-ADD8-4AD5-82E4-117F4617DA86}.Release|iPhone.ActiveCfg = PSM|Any CPU
		{65B0258F-ADD8-4AD5-82E4-117F4617DA86}.Release|iPhoneSimulator.ActiveCfg = PSM|Any CPU
		{65B0258F-ADD8-4AD5-82E4-117F4617DA86}.Release|Mixed Platforms.ActiveCfg = PSM|Any CPU
		{65B0258F-ADD8-4AD5-82E4-117F4617DA86}.Release|Windows Phone.ActiveCfg = PSM|Any CPU
		{65B0258F-ADD8-4AD5-82E4-117F4617DA86}.Release|x64.ActiveCfg = PSM|Any CPU
		{65B0258F-ADD8-4AD5-82E4-117F4617DA86}.Release|x86.ActiveCfg = PSM|Any CPU
		{65B0258F-ADD8-4AD5-82E4-117F4617DA86}.Windows|Any CPU.ActiveCfg = Windows|Any CPU
		{65B0258F-ADD8-4AD5-82E4-117F4617DA86}.Windows|ARM.ActiveCfg = Windows|Any CPU
		{65B0258F-ADD8-4AD5-82E4-117F4617DA86}.Windows|iPhone.ActiveCfg = Windows|Any CPU
		{65B0258F-ADD8-4AD5-82E4-117F4617DA86}.Windows|iPhoneSimulator.ActiveCfg = Windows|Any CPU
		{65B0258F-ADD8-4AD5-82E4-117F4617DA86}.Windows|Mixed Platforms.ActiveCfg = Windows|Any CPU
		{65B0258F-ADD8-4AD5-82E4-117F4617DA86}.Windows|Windows Phone.ActiveCfg = Windows|Any CPU
		{65B0258F-ADD8-4AD5-82E4-117F4617DA86}.Windows|x64.ActiveCfg = Windows|Any CPU
		{65B0258F-ADD8-4AD5-82E4-117F4617DA86}.Windows|x86.ActiveCfg = Windows|Any CPU
		{65B0258F-ADD8-4AD5-82E4-117F4617DA86}.Windows8|Any CPU.ActiveCfg = Windows8|Any CPU
		{65B0258F-ADD8-4AD5-82E4-117F4617DA86}.Windows8|ARM.ActiveCfg = Windows8|Any CPU
		{65B0258F-ADD8-4AD5-82E4-117F4617DA86}.Windows8|iPhone.ActiveCfg = Windows8|Any CPU
		{65B0258F-ADD8-4AD5-82E4-117F4617DA86}.Windows8|iPhoneSimulator.ActiveCfg = Windows8|Any CPU
		{65B0258F-ADD8-4AD5-82E4-117F4617DA86}.Windows8|Mixed Platforms.ActiveCfg = Windows8|Any CPU
		{65B0258F-ADD8-4AD5-82E4-117F4617DA86}.Windows8|Windows Phone.ActiveCfg = Windows8|Any CPU
		{65B0258F-ADD8-4AD5-82E4-117F4617DA86}.Windows8|x64.ActiveCfg = Windows8|Any CPU
		{65B0258F-ADD8-4AD5-82E4-117F4617DA86}.Windows8|x86.ActiveCfg = Windows8|Any CPU
	EndGlobalSection
	GlobalSection(SolutionProperties) = preSolution
		HideSolutionNode = FALSE
	EndGlobalSection
	GlobalSection(MonoDevelopProperties) = preSolution
		StartupItem = CircusContent\CircusContent.contentproj
	EndGlobalSection
EndGlobal
